<?xml version="1.0" encoding="utf-8"?>
<Project ToolsVersion="4.0" xmlns="http://schemas.microsoft.com/developer/msbuild/2003">
  <ItemGroup>
    <Filter Include="00. Header">
      <UniqueIdentifier>{b20dfd0a-a87b-4676-8c47-9999dc048a1f}</UniqueIdentifier>
    </Filter>
    <Filter Include="01. Default">
      <UniqueIdentifier>{8fde09f9-a09b-4ded-8d28-f4f74c9e8ecd}</UniqueIdentifier>
    </Filter>
    <Filter Include="01. Default\00. Header">
      <UniqueIdentifier>{328b3610-319f-48fb-8f60-83a7cc779ef4}</UniqueIdentifier>
    </Filter>
    <Filter Include="01. Default\01. Source">
      <UniqueIdentifier>{0334c08e-6342-4e8c-830e-55b9ada54635}</UniqueIdentifier>
    </Filter>
    <Filter Include="01. Default\02. Resource">
      <UniqueIdentifier>{1555fcab-e7ac-4763-9b5f-f09ca2aeaa22}</UniqueIdentifier>
    </Filter>
    <Filter Include="02. MainApp">
      <UniqueIdentifier>{3b7ae8ef-0473-406e-b975-0f5e86b97cbd}</UniqueIdentifier>
    </Filter>
    <Filter Include="00. Header\00. PCH">
      <UniqueIdentifier>{66c4c4fb-9c25-4617-8a5e-faa413c8ca98}</UniqueIdentifier>
    </Filter>
    <Filter Include="03. Tool">
      <UniqueIdentifier>{014cff2c-5918-4902-9760-25b35651850a}</UniqueIdentifier>
    </Filter>
    <Filter Include="03. Tool\01. ImGui">
      <UniqueIdentifier>{cdb4e014-721c-4724-9f05-a9f6c43f5bea}</UniqueIdentifier>
    </Filter>
    <Filter Include="03. Tool\01. ImGui\01. Header">
      <UniqueIdentifier>{78fa90c1-b78e-47ff-b30d-a051a22d7f4f}</UniqueIdentifier>
    </Filter>
    <Filter Include="03. Tool\01. ImGui\02. Source">
      <UniqueIdentifier>{9fcd03a0-2392-4375-a152-67d982431874}</UniqueIdentifier>
    </Filter>
    <Filter Include="03. Tool\00. Manager">
      <UniqueIdentifier>{e9ff588c-200f-4c81-8694-957f4011a305}</UniqueIdentifier>
    </Filter>
    <Filter Include="03. Tool\02. ImGuizmo">
      <UniqueIdentifier>{3341e528-1a3c-420e-830f-42bf3fbe5472}</UniqueIdentifier>
    </Filter>
    <Filter Include="03. Tool\03. ImGuiFileDialog">
      <UniqueIdentifier>{7ec85bb3-5b82-4c0c-9fa4-3edd1a2058f7}</UniqueIdentifier>
    </Filter>
    <Filter Include="03. Tool\03. ImGuiFileDialog\01. Header">
      <UniqueIdentifier>{62e73340-2bb0-47b4-95ba-233838d13320}</UniqueIdentifier>
    </Filter>
    <Filter Include="03. Tool\03. ImGuiFileDialog\02. Source">
      <UniqueIdentifier>{4d592b8e-225a-406e-b0f3-66699accd012}</UniqueIdentifier>
    </Filter>
    <Filter Include="03. Tool\02. ImGuizmo\01. Header">
      <UniqueIdentifier>{d7e7b724-d6f6-4128-ae80-b2dc16762a62}</UniqueIdentifier>
    </Filter>
    <Filter Include="03. Tool\02. ImGuizmo\02. Source">
      <UniqueIdentifier>{e0dfafc4-1ca2-4087-ab1c-0e9e2030eec1}</UniqueIdentifier>
    </Filter>
    <Filter Include="00. Header\01. Inline">
      <UniqueIdentifier>{1a6ec9b3-709e-4b88-a979-16b852284794}</UniqueIdentifier>
    </Filter>
    <Filter Include="00. Header\02. Source">
      <UniqueIdentifier>{45e2723a-144f-484e-a5aa-de94af4c7700}</UniqueIdentifier>
    </Filter>
    <Filter Include="00. Header\03. Tool">
      <UniqueIdentifier>{f2f50fbe-0bc0-46cb-9842-df561502b0a0}</UniqueIdentifier>
    </Filter>
    <Filter Include="04. Scene">
      <UniqueIdentifier>{24b97d89-930c-4ef0-8089-1b4d3a69d5a3}</UniqueIdentifier>
    </Filter>
    <Filter Include="04. Scene\00. Load">
      <UniqueIdentifier>{10d4d4c5-5aab-48ac-8ede-ee6169871edd}</UniqueIdentifier>
    </Filter>
    <Filter Include="04. Scene\00. Load\00. Loader">
      <UniqueIdentifier>{28bee0f9-4578-44ba-a03b-e20095276a01}</UniqueIdentifier>
    </Filter>
    <Filter Include="04. Scene\01. Menu">
      <UniqueIdentifier>{8b4ea43b-340d-4d56-bff6-37d52b1df41f}</UniqueIdentifier>
    </Filter>
    <Filter Include="04. Scene\03. Test">
      <UniqueIdentifier>{62df2cd4-1c96-4869-a45d-ad688667d8c7}</UniqueIdentifier>
    </Filter>
    <Filter Include="04. Scene\02. Tool">
      <UniqueIdentifier>{3da9f1a6-4bb5-4fea-b864-d4140e608800}</UniqueIdentifier>
    </Filter>
    <Filter Include="04. Scene\09. Moon">
      <UniqueIdentifier>{f3f6d265-c768-4dc8-8cff-d79846edca71}</UniqueIdentifier>
    </Filter>
    <Filter Include="05. GameObject">
      <UniqueIdentifier>{c180f1a1-862f-423d-92ac-bf1b70c8cb06}</UniqueIdentifier>
    </Filter>
    <Filter Include="05. GameObject\01. Demo">
      <UniqueIdentifier>{794baa40-c63a-4b05-bad3-9fd303f0d4d7}</UniqueIdentifier>
    </Filter>
    <Filter Include="05. GameObject\01. Demo\01. Background">
      <UniqueIdentifier>{aefec61f-1da6-4708-a4dc-9cd9f7290c2a}</UniqueIdentifier>
    </Filter>
    <Filter Include="05. GameObject\01. Demo\02. Terrain">
      <UniqueIdentifier>{ac879c5a-3fc3-40d4-bce9-ce64ddfe1f32}</UniqueIdentifier>
    </Filter>
    <Filter Include="05. GameObject\02. UI">
      <UniqueIdentifier>{c7626695-8256-4e5d-83e3-262ea6ed6256}</UniqueIdentifier>
    </Filter>
    <Filter Include="05. GameObject\02. UI\01. InGame">
      <UniqueIdentifier>{e0da5f27-2343-48af-8880-8162b57f0a9d}</UniqueIdentifier>
    </Filter>
    <Filter Include="05. GameObject\03. Camera">
      <UniqueIdentifier>{4a5b1052-39ab-4004-a3e3-43d321a97bd7}</UniqueIdentifier>
    </Filter>
    <Filter Include="05. GameObject\03. Camera\00. MainCamera">
      <UniqueIdentifier>{0967b197-a0a9-4bd8-b3e9-5ead662ed88b}</UniqueIdentifier>
    </Filter>
    <Filter Include="05. GameObject\04. Terrain">
      <UniqueIdentifier>{e68124d5-8f8d-4403-9c7a-cd676bc95e33}</UniqueIdentifier>
    </Filter>
    <Filter Include="05. GameObject\04. Terrain\01. GolemPlains">
      <UniqueIdentifier>{4733f48e-72a4-4f07-8a84-45f846e319d9}</UniqueIdentifier>
    </Filter>
    <Filter Include="05. GameObject\04. Terrain\06. Moon">
      <UniqueIdentifier>{cce9257e-e069-41bd-9fb4-15b93054e949}</UniqueIdentifier>
    </Filter>
    <Filter Include="05. GameObject\05. Survivor">
      <UniqueIdentifier>{d5058e98-5773-41a5-b513-290f92f76429}</UniqueIdentifier>
    </Filter>
    <Filter Include="05. GameObject\05. Survivor\01. RailGunner">
      <UniqueIdentifier>{e6e012e1-41d0-440f-97fd-ceb0c235e461}</UniqueIdentifier>
    </Filter>
    <Filter Include="05. GameObject\05. Survivor\01. RailGunner\00. Behavior">
      <UniqueIdentifier>{a565f8aa-8e94-476b-a2da-82ee0ed5e736}</UniqueIdentifier>
    </Filter>
    <Filter Include="05. GameObject\05. Survivor\01. RailGunner\00. Behavior\01. Control">
      <UniqueIdentifier>{def1028c-f18b-4c90-933d-35a4d1d8e97e}</UniqueIdentifier>
    </Filter>
    <Filter Include="05. GameObject\05. Survivor\01. RailGunner\01. System">
      <UniqueIdentifier>{607403cb-648a-46b2-a4f5-2bc28cc78413}</UniqueIdentifier>
    </Filter>
    <Filter Include="05. GameObject\05. Survivor\01. RailGunner\01. System\01. State">
      <UniqueIdentifier>{d478aa15-2134-405a-b508-676a904439de}</UniqueIdentifier>
    </Filter>
    <Filter Include="05. GameObject\05. Survivor\01. RailGunner\01. System\02. Crosshair">
      <UniqueIdentifier>{b1078752-e856-4d22-821f-23ac01dbdd5c}</UniqueIdentifier>
    </Filter>
    <Filter Include="05. GameObject\05. Survivor\01. RailGunner\02. Bullet">
      <UniqueIdentifier>{e80708ea-ed3d-4c89-97e1-9a5341a86034}</UniqueIdentifier>
    </Filter>
    <Filter Include="05. GameObject\05. Survivor\01. RailGunner\02. Bullet\01. Pistol">
      <UniqueIdentifier>{47e1a9ba-c8c3-49d1-b631-57f6b124976e}</UniqueIdentifier>
    </Filter>
    <Filter Include="05. GameObject\05. Survivor\01. RailGunner\02. Bullet\02. Sniper">
      <UniqueIdentifier>{4d71bd31-ce58-46ab-bd88-80fd2eb0ac2e}</UniqueIdentifier>
    </Filter>
    <Filter Include="05. GameObject\05. Survivor\01. RailGunner\02. Bullet\03. Super">
      <UniqueIdentifier>{397ab4c9-ed7b-411f-8492-b20198afe12f}</UniqueIdentifier>
    </Filter>
    <Filter Include="05. GameObject\06. Monster">
      <UniqueIdentifier>{52191b82-4bcd-4ad4-932c-5c5ed43f9ded}</UniqueIdentifier>
    </Filter>
    <Filter Include="05. GameObject\06. Monster\00. Behavior">
      <UniqueIdentifier>{57ad35a8-1deb-41c3-b23f-f7e5dc1bc90d}</UniqueIdentifier>
    </Filter>
    <Filter Include="05. GameObject\06. Monster\00. Behavior\01. Custom">
      <UniqueIdentifier>{6efb9f9e-4644-43c6-9236-539d195f1b67}</UniqueIdentifier>
    </Filter>
    <Filter Include="05. GameObject\06. Monster\02. Golem">
      <UniqueIdentifier>{1cc5cfb9-b538-4d93-a584-f9700ef59258}</UniqueIdentifier>
    </Filter>
    <Filter Include="05. GameObject\06. Monster\02. Golem\00. Behavior">
      <UniqueIdentifier>{5a41e553-4950-448c-8108-30f8cbe524f4}</UniqueIdentifier>
    </Filter>
    <Filter Include="05. GameObject\06. Monster\02. Golem\00. Behavior\00. Custom">
      <UniqueIdentifier>{ccbf8776-626c-47de-9bec-5c86a8a0bbfd}</UniqueIdentifier>
    </Filter>
    <Filter Include="05. GameObject\06. Monster\02. Golem\00. Behavior\00. Custom\00. State">
      <UniqueIdentifier>{1f7b3589-3ffc-4f5e-b42e-43fb44dcb8d0}</UniqueIdentifier>
    </Filter>
    <Filter Include="05. GameObject\06. Monster\02. Golem\00. Behavior\00. Custom\00. State\01. Untarget">
      <UniqueIdentifier>{6334c617-94c6-4b38-8e92-ca562224a2e0}</UniqueIdentifier>
    </Filter>
    <Filter Include="05. GameObject\06. Monster\02. Golem\00. Behavior\00. Custom\00. State\02. Target">
      <UniqueIdentifier>{da410491-7049-4a6f-bff5-77ebb46f17f5}</UniqueIdentifier>
    </Filter>
    <Filter Include="05. GameObject\06. Monster\02. Golem\00. Behavior\00. Custom\00. State\03. Hit">
      <UniqueIdentifier>{21b582e8-ef9d-46e0-a6ff-4949c687c7e6}</UniqueIdentifier>
    </Filter>
    <Filter Include="05. GameObject\06. Monster\01. Brother">
      <UniqueIdentifier>{3009909c-1eaa-4f2e-87dd-69f8f3f93487}</UniqueIdentifier>
    </Filter>
    <Filter Include="05. GameObject\06. Monster\01. Brother\00. Behavior">
      <UniqueIdentifier>{4747ffa5-eba2-48e8-812b-001a9e0efb26}</UniqueIdentifier>
    </Filter>
    <Filter Include="05. GameObject\06. Monster\01. Brother\00. Behavior\00. Custom">
      <UniqueIdentifier>{18b5d739-8ca7-4443-9c6f-fb0642053916}</UniqueIdentifier>
    </Filter>
    <Filter Include="06. Shader">
      <UniqueIdentifier>{f23dff80-195c-4c9d-9d13-b93329daf7a1}</UniqueIdentifier>
    </Filter>
    <Filter Include="06. Shader\01. Forward">
      <UniqueIdentifier>{cdcc84d8-04ba-42c8-b8cb-b3e44775125e}</UniqueIdentifier>
    </Filter>
    <Filter Include="06. Shader\02. Deferred">
      <UniqueIdentifier>{cbd4c466-994d-44b5-b95a-799e1ecdc6a5}</UniqueIdentifier>
    </Filter>
    <Filter Include="05. GameObject\06. Monster\01. Brother\00. Behavior\00. Custom\99. Unused">
      <UniqueIdentifier>{3bedfa0b-0e15-4145-90d3-cb3aef4538e7}</UniqueIdentifier>
    </Filter>
    <Filter Include="05. GameObject\06. Monster\01. Brother\00. Behavior\00. Custom\99. Unused\00. Phase">
      <UniqueIdentifier>{ceeb2e7a-d8fb-49de-ada8-1833ce3a2499}</UniqueIdentifier>
    </Filter>
    <Filter Include="05. GameObject\06. Monster\01. Brother\00. Behavior\00. Custom\99. Unused\00. Phase\00. Phase 0">
      <UniqueIdentifier>{af8394b9-592a-4522-a196-3e00f8079fd6}</UniqueIdentifier>
    </Filter>
    <Filter Include="05. GameObject\06. Monster\01. Brother\00. Behavior\00. Custom\99. Unused\00. Phase\01. Phase 1">
      <UniqueIdentifier>{427bb5f7-dd30-45e8-8b92-52134a8f5078}</UniqueIdentifier>
    </Filter>
    <Filter Include="05. GameObject\06. Monster\01. Brother\00. Behavior\00. Custom\99. Unused\00. Phase\02. Phase 2">
      <UniqueIdentifier>{cce585d0-6980-4498-9aec-8b3cd925d652}</UniqueIdentifier>
    </Filter>
    <Filter Include="05. GameObject\06. Monster\01. Brother\00. Behavior\00. Custom\99. Unused\00. Phase\03. Phase 3">
      <UniqueIdentifier>{11b709f1-ff66-42fd-ad36-bc3e8a452dec}</UniqueIdentifier>
    </Filter>
    <Filter Include="05. GameObject\06. Monster\01. Brother\00. Behavior\00. Custom\99. Unused\00. Phase\04. Phase 4">
      <UniqueIdentifier>{336fe9e5-a322-4fec-96bf-1c4d1b132d2a}</UniqueIdentifier>
    </Filter>
    <Filter Include="05. GameObject\06. Monster\01. Brother\00. Behavior\00. Custom\00. BehaviorTree">
      <UniqueIdentifier>{98a95a83-56eb-4fcb-b22c-1c7423236b59}</UniqueIdentifier>
    </Filter>
    <Filter Include="05. GameObject\06. Monster\01. Brother\00. Behavior\00. Custom\00. BehaviorTree\00. Root">
      <UniqueIdentifier>{8e827535-3d3f-4e23-bbb6-9e201d3e5808}</UniqueIdentifier>
    </Filter>
    <Filter Include="05. GameObject\06. Monster\01. Brother\00. Behavior\00. Custom\00. BehaviorTree\01. Leaf">
      <UniqueIdentifier>{b3485102-fe91-47e3-b5bf-9cd7ad6dd766}</UniqueIdentifier>
    </Filter>
    <Filter Include="05. GameObject\06. Monster\01. Brother\00. Behavior\00. Custom\00. BehaviorTree\02. Decorator">
      <UniqueIdentifier>{27e639a5-65a5-45bf-b9cf-b5627107e9c9}</UniqueIdentifier>
    </Filter>
    <Filter Include="05. GameObject\06. Monster\01. Brother\00. Behavior\00. Custom\00. BehaviorTree\02. Decorator\01. Range">
      <UniqueIdentifier>{9989ab40-ffe1-45a8-a8bc-62a7cf0c34a5}</UniqueIdentifier>
    </Filter>
    <Filter Include="05. GameObject\06. Monster\01. Brother\00. Behavior\00. Custom\00. BehaviorTree\01. Leaf\01. Move">
      <UniqueIdentifier>{323d1e2e-ad6f-4312-b2dc-7cfb1b3c8624}</UniqueIdentifier>
    </Filter>
    <Filter Include="05. GameObject\06. Monster\01. Brother\00. Behavior\00. Custom\00. BehaviorTree\01. Leaf\01. Move\02. Sprint">
      <UniqueIdentifier>{d80662c6-f032-47ff-811a-f5a6055a2749}</UniqueIdentifier>
    </Filter>
    <Filter Include="05. GameObject\06. Monster\01. Brother\00. Behavior\00. Custom\00. BehaviorTree\01. Leaf\01. Move\01. Run">
      <UniqueIdentifier>{eb0ae561-7281-4333-8098-76c4cf2ea8a0}</UniqueIdentifier>
    </Filter>
    <Filter Include="05. GameObject\06. Monster\01. Brother\00. Behavior\00. Custom\00. BehaviorTree\01. Leaf\02. Attack">
      <UniqueIdentifier>{d0596f79-edcb-4b69-8735-cf0c814d3404}</UniqueIdentifier>
    </Filter>
    <Filter Include="05. GameObject\06. Monster\01. Brother\00. Behavior\00. Custom\00. BehaviorTree\02. Decorator\00. Repeat">
      <UniqueIdentifier>{dac8f8a0-39e4-4f66-b33e-d3676cdb1a6d}</UniqueIdentifier>
    </Filter>
    <Filter Include="05. GameObject\06. Monster\01. Brother\00. Behavior\00. Custom\00. BehaviorTree\03. Composite">
      <UniqueIdentifier>{552b4d5f-b311-44fe-a6af-21924c16ba4b}</UniqueIdentifier>
    </Filter>
    <Filter Include="05. GameObject\06. Monster\01. Brother\00. Behavior\00. Custom\00. BehaviorTree\03. Composite\00. Parallel">
      <UniqueIdentifier>{65fbb604-632d-4468-b37f-ccae12cfee30}</UniqueIdentifier>
    </Filter>
    <Filter Include="05. GameObject\06. Monster\01. Brother\00. Behavior\00. Custom\00. BehaviorTree\03. Composite\01. Sequence">
      <UniqueIdentifier>{bfecfcd3-8c7c-4857-8dc6-05777b02f882}</UniqueIdentifier>
    </Filter>
    <Filter Include="05. GameObject\06. Monster\01. Brother\00. Behavior\00. Custom\00. BehaviorTree\03. Composite\02. Selector">
      <UniqueIdentifier>{f876e41d-5664-46ad-915f-a9ce59b9151e}</UniqueIdentifier>
    </Filter>
    <Filter Include="05. GameObject\06. Monster\01. Brother\00. Behavior\00. Custom\00. BehaviorTree\03. Composite\02. Selector\00. Phase">
      <UniqueIdentifier>{833f1ff5-c242-45be-b439-e887f6557539}</UniqueIdentifier>
    </Filter>
    <Filter Include="05. GameObject\06. Monster\01. Brother\00. Behavior\00. Custom\00. BehaviorTree\03. Composite\02. Selector\00. Phase\01. Phase1">
      <UniqueIdentifier>{bcc65e50-25c8-4a05-9191-4523cdf9d6ed}</UniqueIdentifier>
    </Filter>
    <Filter Include="05. GameObject\06. Monster\01. Brother\00. Behavior\00. Custom\00. BehaviorTree\03. Composite\02. Selector\00. Phase\00. Phase0">
      <UniqueIdentifier>{e9940d60-53b6-48a7-aed6-07ad31f174b1}</UniqueIdentifier>
    </Filter>
    <Filter Include="05. GameObject\06. Monster\01. Brother\00. Behavior\00. Custom\00. BehaviorTree\01. Leaf\00. Event">
      <UniqueIdentifier>{6ea8f219-75b7-41e8-a314-13bac4adc43f}</UniqueIdentifier>
    </Filter>
    <Filter Include="05. GameObject\06. Monster\01. Brother\00. Behavior\00. Custom\00. BehaviorTree\01. Leaf\00. Event\01. Leap">
      <UniqueIdentifier>{8daba39f-8a15-434b-9b64-866b614cea75}</UniqueIdentifier>
    </Filter>
    <Filter Include="05. GameObject\06. Monster\01. Brother\00. Behavior\00. Custom\00. BehaviorTree\01. Leaf\00. Event\01. Leap\00. Begin">
      <UniqueIdentifier>{40196f20-ed1e-43c4-8330-dfb73e489fdd}</UniqueIdentifier>
    </Filter>
    <Filter Include="05. GameObject\06. Monster\01. Brother\00. Behavior\00. Custom\00. BehaviorTree\01. Leaf\00. Event\01. Leap\01. End">
      <UniqueIdentifier>{428d0c6f-aedc-4a7d-9814-7f0ad3d5d492}</UniqueIdentifier>
    </Filter>
    <Filter Include="05. GameObject\06. Monster\01. Brother\00. Behavior\00. Custom\00. BehaviorTree\01. Leaf\00. Event\00. Idle">
      <UniqueIdentifier>{97c526e9-910e-4ab6-a6d5-1e20b49815b9}</UniqueIdentifier>
    </Filter>
    <Filter Include="05. GameObject\06. Monster\01. Brother\00. Behavior\00. Custom\00. BehaviorTree\03. Composite\01. Sequence\00. Enter">
      <UniqueIdentifier>{5b8c2963-fa87-4c51-bf1c-cc3f03a1ef49}</UniqueIdentifier>
    </Filter>
    <Filter Include="05. GameObject\06. Monster\01. Brother\00. Behavior\00. Custom\00. BehaviorTree\03. Composite\01. Sequence\01. SprintSmash">
      <UniqueIdentifier>{d94bcd8d-1846-4069-ac09-3b6c11a54c39}</UniqueIdentifier>
    </Filter>
    <Filter Include="05. GameObject\06. Monster\01. Brother\00. Behavior\00. Custom\00. BehaviorTree\01. Leaf\02. Attack\00. SprintSmash">
      <UniqueIdentifier>{3846bed1-ce31-4fbc-bd2b-e6dbb7d06a47}</UniqueIdentifier>
    </Filter>
  </ItemGroup>
  <ItemGroup>
    <ClInclude Include="Default\Client.h">
      <Filter>01. Default\00. Header</Filter>
    </ClInclude>
    <ClInclude Include="Default\framework.h">
      <Filter>01. Default\00. Header</Filter>
    </ClInclude>
    <ClInclude Include="Default\Resource.h">
      <Filter>01. Default\00. Header</Filter>
    </ClInclude>
    <ClInclude Include="Default\targetver.h">
      <Filter>01. Default\00. Header</Filter>
    </ClInclude>
    <ClInclude Include="Public\Client_Define.h">
      <Filter>00. Header</Filter>
    </ClInclude>
    <ClInclude Include="Public\MainApp.h">
      <Filter>02. MainApp</Filter>
    </ClInclude>
    <ClInclude Include="Public\ClientPCH.h">
      <Filter>00. Header\00. PCH</Filter>
    </ClInclude>
    <ClInclude Include="Public\Loader_Menu.h">
      <Filter>04. Scene\01. Menu</Filter>
    </ClInclude>
    <ClInclude Include="Public\Loader_Test.h">
      <Filter>04. Scene\03. Test</Filter>
    </ClInclude>
    <ClInclude Include="Public\Loader.h">
      <Filter>04. Scene\00. Load\00. Loader</Filter>
    </ClInclude>
    <ClInclude Include="Public\Scene_Load.h">
      <Filter>04. Scene\00. Load</Filter>
    </ClInclude>
    <ClInclude Include="Public\Scene_Test.h">
      <Filter>04. Scene\03. Test</Filter>
    </ClInclude>
    <ClInclude Include="Public\Scene_Menu.h">
      <Filter>04. Scene\01. Menu</Filter>
    </ClInclude>
    <ClInclude Include="Public\Client_Enum.h">
      <Filter>00. Header</Filter>
    </ClInclude>
    <ClInclude Include="Public\Background.h">
      <Filter>05. GameObject\01. Demo\01. Background</Filter>
    </ClInclude>
    <ClInclude Include="Public\Camera_Main.h">
      <Filter>05. GameObject\03. Camera\00. MainCamera</Filter>
    </ClInclude>
    <ClInclude Include="Public\Client_Variable.h">
      <Filter>00. Header</Filter>
    </ClInclude>
    <ClInclude Include="Public\Thread_Loader.h">
      <Filter>04. Scene\00. Load\00. Loader</Filter>
    </ClInclude>
    <ClInclude Include="Public\Terrain.h">
      <Filter>05. GameObject\01. Demo\02. Terrain</Filter>
    </ClInclude>
    <ClInclude Include="..\Reference\Header\ImGui\imconfig.h">
      <Filter>03. Tool\01. ImGui\01. Header</Filter>
    </ClInclude>
    <ClInclude Include="..\Reference\Header\ImGui\imgui.h">
      <Filter>03. Tool\01. ImGui\01. Header</Filter>
    </ClInclude>
    <ClInclude Include="..\Reference\Header\ImGui\imgui_impl_dx11.h">
      <Filter>03. Tool\01. ImGui\01. Header</Filter>
    </ClInclude>
    <ClInclude Include="..\Reference\Header\ImGui\imgui_impl_win32.h">
      <Filter>03. Tool\01. ImGui\01. Header</Filter>
    </ClInclude>
    <ClInclude Include="..\Reference\Header\ImGui\imgui_internal.h">
      <Filter>03. Tool\01. ImGui\01. Header</Filter>
    </ClInclude>
    <ClInclude Include="..\Reference\Header\ImGui\imstb_rectpack.h">
      <Filter>03. Tool\01. ImGui\01. Header</Filter>
    </ClInclude>
    <ClInclude Include="..\Reference\Header\ImGui\imstb_textedit.h">
      <Filter>03. Tool\01. ImGui\01. Header</Filter>
    </ClInclude>
    <ClInclude Include="..\Reference\Header\ImGui\imstb_truetype.h">
      <Filter>03. Tool\01. ImGui\01. Header</Filter>
    </ClInclude>
    <ClInclude Include="Public\ImGui_Manager.h">
      <Filter>03. Tool\00. Manager</Filter>
    </ClInclude>
    <ClInclude Include="Public\GolemPlains.h">
      <Filter>05. GameObject\04. Terrain\01. GolemPlains</Filter>
    </ClInclude>
    <ClInclude Include="Public\Scene_Tool.h">
      <Filter>04. Scene\02. Tool</Filter>
    </ClInclude>
    <ClInclude Include="..\Reference\Header\ImGuiFileDialog\ImGuiFileDialog.h">
      <Filter>03. Tool\03. ImGuiFileDialog\01. Header</Filter>
    </ClInclude>
    <ClInclude Include="..\Reference\Header\ImGuiFileDialog\ImGuiFileDialogConfig.h">
      <Filter>03. Tool\03. ImGuiFileDialog\01. Header</Filter>
    </ClInclude>
    <ClInclude Include="Public\Tool_Define.h">
      <Filter>00. Header\03. Tool</Filter>
    </ClInclude>
    <ClInclude Include="..\Reference\Header\ImGuizmo\GraphEditor.h">
      <Filter>03. Tool\02. ImGuizmo\01. Header</Filter>
    </ClInclude>
    <ClInclude Include="..\Reference\Header\ImGuizmo\ImCurveEdit.h">
      <Filter>03. Tool\02. ImGuizmo\01. Header</Filter>
    </ClInclude>
    <ClInclude Include="..\Reference\Header\ImGuizmo\ImGradient.h">
      <Filter>03. Tool\02. ImGuizmo\01. Header</Filter>
    </ClInclude>
    <ClInclude Include="..\Reference\Header\ImGuizmo\ImGuizmo.h">
      <Filter>03. Tool\02. ImGuizmo\01. Header</Filter>
    </ClInclude>
    <ClInclude Include="..\Reference\Header\ImGuizmo\ImSequencer.h">
      <Filter>03. Tool\02. ImGuizmo\01. Header</Filter>
    </ClInclude>
    <ClInclude Include="..\Reference\Header\ImGuizmo\ImZoomSlider.h">
      <Filter>03. Tool\02. ImGuizmo\01. Header</Filter>
    </ClInclude>
    <ClInclude Include="Public\Client_Settings.h">
      <Filter>00. Header\00. PCH</Filter>
    </ClInclude>
    <ClInclude Include="Public\RailGunner.h">
      <Filter>05. GameObject\05. Survivor\01. RailGunner</Filter>
    </ClInclude>
    <ClInclude Include="Public\RailGunner_Crosshair.h">
      <Filter>05. GameObject\05. Survivor\01. RailGunner\01. System\02. Crosshair</Filter>
    </ClInclude>
    <ClInclude Include="Public\Control_RailGunner.h">
      <Filter>05. GameObject\05. Survivor\01. RailGunner\00. Behavior\01. Control</Filter>
    </ClInclude>
    <ClInclude Include="Public\Client_Animation.h">
      <Filter>00. Header</Filter>
    </ClInclude>
    <ClInclude Include="Public\RailGunner_State.h">
      <Filter>05. GameObject\05. Survivor\01. RailGunner\01. System\01. State</Filter>
    </ClInclude>
    <ClInclude Include="Public\RailGunner_PistolBullet.h">
      <Filter>05. GameObject\05. Survivor\01. RailGunner\02. Bullet\01. Pistol</Filter>
    </ClInclude>
    <ClInclude Include="Public\Golem.h">
      <Filter>05. GameObject\06. Monster\02. Golem</Filter>
    </ClInclude>
    <ClInclude Include="Public\Golem_Behavior.h">
      <Filter>05. GameObject\06. Monster\02. Golem\00. Behavior\00. Custom</Filter>
    </ClInclude>
    <ClInclude Include="Public\Client_Function.h">
      <Filter>00. Header</Filter>
    </ClInclude>
    <ClInclude Include="Public\Golem_Untarget.h">
      <Filter>05. GameObject\06. Monster\02. Golem\00. Behavior\00. Custom\00. State\01. Untarget</Filter>
    </ClInclude>
    <ClInclude Include="Public\Golem_Target.h">
      <Filter>05. GameObject\06. Monster\02. Golem\00. Behavior\00. Custom\00. State\02. Target</Filter>
    </ClInclude>
    <ClInclude Include="Public\Hostile.h">
      <Filter>05. GameObject\06. Monster\00. Behavior\01. Custom</Filter>
    </ClInclude>
    <ClInclude Include="Public\Monster.h">
      <Filter>05. GameObject\06. Monster</Filter>
    </ClInclude>
    <ClInclude Include="Public\Golem_Hit.h">
      <Filter>05. GameObject\06. Monster\02. Golem\00. Behavior\00. Custom\00. State\03. Hit</Filter>
    </ClInclude>
    <ClInclude Include="Public\Moon.h">
      <Filter>05. GameObject\04. Terrain\06. Moon</Filter>
    </ClInclude>
    <ClInclude Include="Public\Scene_Moon.h">
      <Filter>04. Scene\09. Moon</Filter>
    </ClInclude>
    <ClInclude Include="Public\Loader_Moon.h">
      <Filter>04. Scene\09. Moon</Filter>
    </ClInclude>
    <ClInclude Include="Public\Brother.h">
      <Filter>05. GameObject\06. Monster\01. Brother</Filter>
    </ClInclude>
    <ClInclude Include="Public\Brother_Phase.h">
      <Filter>05. GameObject\06. Monster\01. Brother\00. Behavior\00. Custom\99. Unused\00. Phase</Filter>
    </ClInclude>
    <ClInclude Include="Public\Brother_Phase_0.h">
      <Filter>05. GameObject\06. Monster\01. Brother\00. Behavior\00. Custom\99. Unused\00. Phase\00. Phase 0</Filter>
    </ClInclude>
    <ClInclude Include="Public\Brother_Phase_1.h">
      <Filter>05. GameObject\06. Monster\01. Brother\00. Behavior\00. Custom\99. Unused\00. Phase\01. Phase 1</Filter>
    </ClInclude>
    <ClInclude Include="Public\Brother_Behavior.h">
      <Filter>05. GameObject\06. Monster\01. Brother\00. Behavior\00. Custom\99. Unused</Filter>
    </ClInclude>
    <ClInclude Include="Public\BrotherNodeLeaf_Run.h">
      <Filter>05. GameObject\06. Monster\01. Brother\00. Behavior\00. Custom\00. BehaviorTree\01. Leaf\01. Move\01. Run</Filter>
    </ClInclude>
    <ClInclude Include="Public\BrotherNodeLeaf_Sprint.h">
      <Filter>05. GameObject\06. Monster\01. Brother\00. Behavior\00. Custom\00. BehaviorTree\01. Leaf\01. Move\02. Sprint</Filter>
    </ClInclude>
    <ClInclude Include="Public\Brother_BehaviorTree.h">
      <Filter>05. GameObject\06. Monster\01. Brother\00. Behavior\00. Custom\00. BehaviorTree</Filter>
    </ClInclude>
    <ClInclude Include="Public\BrotherNode_Root.h">
      <Filter>05. GameObject\06. Monster\01. Brother\00. Behavior\00. Custom\00. BehaviorTree\00. Root</Filter>
    </ClInclude>
    <ClInclude Include="Public\BrotherNodeDecorator_Range.h">
      <Filter>05. GameObject\06. Monster\01. Brother\00. Behavior\00. Custom\00. BehaviorTree\02. Decorator\01. Range</Filter>
    </ClInclude>
    <ClInclude Include="Public\BrotherNodeDecorator_Repeat.h">
      <Filter>05. GameObject\06. Monster\01. Brother\00. Behavior\00. Custom\00. BehaviorTree\02. Decorator\00. Repeat</Filter>
    </ClInclude>
    <ClInclude Include="Public\BrotherNodeSelector_Phase.h">
      <Filter>05. GameObject\06. Monster\01. Brother\00. Behavior\00. Custom\00. BehaviorTree\03. Composite\02. Selector\00. Phase</Filter>
    </ClInclude>
    <ClInclude Include="Public\BrotherNodeSelector_Phase1.h">
      <Filter>05. GameObject\06. Monster\01. Brother\00. Behavior\00. Custom\00. BehaviorTree\03. Composite\02. Selector\00. Phase\01. Phase1</Filter>
    </ClInclude>
    <ClInclude Include="Public\BrotherNodeSelector_Phase0.h">
      <Filter>05. GameObject\06. Monster\01. Brother\00. Behavior\00. Custom\00. BehaviorTree\03. Composite\02. Selector\00. Phase\00. Phase0</Filter>
    </ClInclude>
    <ClInclude Include="Public\BrotherNodeLeaf_LeapBegin.h">
      <Filter>05. GameObject\06. Monster\01. Brother\00. Behavior\00. Custom\00. BehaviorTree\01. Leaf\00. Event\01. Leap\00. Begin</Filter>
    </ClInclude>
    <ClInclude Include="Public\BrotherNodeLeaf_LeapEnd.h">
      <Filter>05. GameObject\06. Monster\01. Brother\00. Behavior\00. Custom\00. BehaviorTree\01. Leaf\00. Event\01. Leap\01. End</Filter>
    </ClInclude>
    <ClInclude Include="Public\BrotherNodeLeaf_IdleReady.h">
      <Filter>05. GameObject\06. Monster\01. Brother\00. Behavior\00. Custom\00. BehaviorTree\01. Leaf\00. Event\00. Idle</Filter>
    </ClInclude>
    <ClInclude Include="Public\BrotherNodeSequence_Enter.h">
      <Filter>05. GameObject\06. Monster\01. Brother\00. Behavior\00. Custom\00. BehaviorTree\03. Composite\01. Sequence\00. Enter</Filter>
    </ClInclude>
    <ClInclude Include="Public\BrotherNodeLeaf_SprintSmash.h">
      <Filter>05. GameObject\06. Monster\01. Brother\00. Behavior\00. Custom\00. BehaviorTree\01. Leaf\02. Attack\00. SprintSmash</Filter>
    </ClInclude>
    <ClInclude Include="Public\BrotherNodeSequence_SprintSmash.h">
      <Filter>05. GameObject\06. Monster\01. Brother\00. Behavior\00. Custom\00. BehaviorTree\03. Composite\01. Sequence\01. SprintSmash</Filter>
    </ClInclude>
  </ItemGroup>
  <ItemGroup>
    <ClCompile Include="Default\Client.cpp">
      <Filter>01. Default\01. Source</Filter>
    </ClCompile>
    <ClCompile Include="Private\MainApp.cpp">
      <Filter>02. MainApp</Filter>
    </ClCompile>
    <ClCompile Include="Private\ClientPCH.cpp">
      <Filter>00. Header\00. PCH</Filter>
    </ClCompile>
    <ClCompile Include="Private\Scene_Load.cpp">
      <Filter>04. Scene\00. Load</Filter>
    </ClCompile>
    <ClCompile Include="Private\Loader.cpp">
      <Filter>04. Scene\00. Load\00. Loader</Filter>
    </ClCompile>
    <ClCompile Include="Private\Scene_Test.cpp">
      <Filter>04. Scene\03. Test</Filter>
    </ClCompile>
    <ClCompile Include="Private\Scene_Menu.cpp">
      <Filter>04. Scene\01. Menu</Filter>
    </ClCompile>
    <ClCompile Include="Private\Background.cpp">
      <Filter>05. GameObject\01. Demo\01. Background</Filter>
    </ClCompile>
    <ClCompile Include="Private\Camera_Main.cpp">
      <Filter>05. GameObject\03. Camera\00. MainCamera</Filter>
    </ClCompile>
    <ClCompile Include="Private\Terrain.cpp">
      <Filter>05. GameObject\01. Demo\02. Terrain</Filter>
    </ClCompile>
    <ClCompile Include="..\Reference\Source\ImGui\imgui.cpp">
      <Filter>03. Tool\01. ImGui\02. Source</Filter>
    </ClCompile>
    <ClCompile Include="..\Reference\Source\ImGui\imgui_draw.cpp">
      <Filter>03. Tool\01. ImGui\02. Source</Filter>
    </ClCompile>
    <ClCompile Include="..\Reference\Source\ImGui\imgui_impl_dx11.cpp">
      <Filter>03. Tool\01. ImGui\02. Source</Filter>
    </ClCompile>
    <ClCompile Include="..\Reference\Source\ImGui\imgui_impl_win32.cpp">
      <Filter>03. Tool\01. ImGui\02. Source</Filter>
    </ClCompile>
    <ClCompile Include="..\Reference\Source\ImGui\imgui_tables.cpp">
      <Filter>03. Tool\01. ImGui\02. Source</Filter>
    </ClCompile>
    <ClCompile Include="..\Reference\Source\ImGui\imgui_widgets.cpp">
      <Filter>03. Tool\01. ImGui\02. Source</Filter>
    </ClCompile>
    <ClCompile Include="Private\ImGui_Manager.cpp">
      <Filter>03. Tool\00. Manager</Filter>
    </ClCompile>
    <ClCompile Include="Private\GolemPlains.cpp">
      <Filter>05. GameObject\04. Terrain\01. GolemPlains</Filter>
    </ClCompile>
    <ClCompile Include="Private\Scene_Tool.cpp">
      <Filter>04. Scene\02. Tool</Filter>
    </ClCompile>
    <ClCompile Include="..\Reference\Source\ImGuiFileDialog\ImGuiFileDialog.cpp">
      <Filter>03. Tool\03. ImGuiFileDialog\02. Source</Filter>
    </ClCompile>
    <ClCompile Include="..\Reference\Source\ImGuizmo\GraphEditor.cpp">
      <Filter>03. Tool\02. ImGuizmo\02. Source</Filter>
    </ClCompile>
    <ClCompile Include="..\Reference\Source\ImGuizmo\ImCurveEdit.cpp">
      <Filter>03. Tool\02. ImGuizmo\02. Source</Filter>
    </ClCompile>
    <ClCompile Include="..\Reference\Source\ImGuizmo\ImGradient.cpp">
      <Filter>03. Tool\02. ImGuizmo\02. Source</Filter>
    </ClCompile>
    <ClCompile Include="..\Reference\Source\ImGuizmo\ImGuizmo.cpp">
      <Filter>03. Tool\02. ImGuizmo\02. Source</Filter>
    </ClCompile>
    <ClCompile Include="..\Reference\Source\ImGuizmo\ImSequencer.cpp">
      <Filter>03. Tool\02. ImGuizmo\02. Source</Filter>
    </ClCompile>
    <ClCompile Include="Private\RailGunner.cpp">
      <Filter>05. GameObject\05. Survivor\01. RailGunner</Filter>
    </ClCompile>
    <ClCompile Include="Private\RailGunner_Crosshair.cpp">
      <Filter>05. GameObject\05. Survivor\01. RailGunner\01. System\02. Crosshair</Filter>
    </ClCompile>
    <ClCompile Include="Private\Control_RailGunner.cpp">
      <Filter>05. GameObject\05. Survivor\01. RailGunner\00. Behavior\01. Control</Filter>
    </ClCompile>
    <ClCompile Include="Private\RailGunner_State.cpp">
      <Filter>05. GameObject\05. Survivor\01. RailGunner\01. System\01. State</Filter>
    </ClCompile>
    <ClCompile Include="Private\RailGunner_PistolBullet.cpp">
      <Filter>05. GameObject\05. Survivor\01. RailGunner\02. Bullet\01. Pistol</Filter>
    </ClCompile>
    <ClCompile Include="Private\Golem.cpp">
      <Filter>05. GameObject\06. Monster\02. Golem</Filter>
    </ClCompile>
    <ClCompile Include="Private\Golem_Behavior.cpp">
      <Filter>05. GameObject\06. Monster\02. Golem\00. Behavior\00. Custom</Filter>
    </ClCompile>
    <ClCompile Include="Private\Client_Function.cpp">
      <Filter>00. Header\02. Source</Filter>
    </ClCompile>
    <ClCompile Include="Private\Golem_Untarget.cpp">
      <Filter>05. GameObject\06. Monster\02. Golem\00. Behavior\00. Custom\00. State\01. Untarget</Filter>
    </ClCompile>
    <ClCompile Include="Private\Golem_Target.cpp">
      <Filter>05. GameObject\06. Monster\02. Golem\00. Behavior\00. Custom\00. State\02. Target</Filter>
    </ClCompile>
    <ClCompile Include="Private\Hostile.cpp">
      <Filter>05. GameObject\06. Monster\00. Behavior\01. Custom</Filter>
    </ClCompile>
    <ClCompile Include="Private\Monster.cpp">
      <Filter>05. GameObject\06. Monster</Filter>
    </ClCompile>
    <ClCompile Include="Private\Golem_Hit.cpp">
      <Filter>05. GameObject\06. Monster\02. Golem\00. Behavior\00. Custom\00. State\03. Hit</Filter>
    </ClCompile>
    <ClCompile Include="Private\Moon.cpp">
      <Filter>05. GameObject\04. Terrain\06. Moon</Filter>
    </ClCompile>
    <ClCompile Include="Private\Scene_Moon.cpp">
      <Filter>04. Scene\09. Moon</Filter>
    </ClCompile>
    <ClCompile Include="Private\Brother.cpp">
      <Filter>05. GameObject\06. Monster\01. Brother</Filter>
    </ClCompile>
    <ClCompile Include="Private\Brother_Phase_0.cpp">
      <Filter>05. GameObject\06. Monster\01. Brother\00. Behavior\00. Custom\99. Unused\00. Phase\00. Phase 0</Filter>
    </ClCompile>
    <ClCompile Include="Private\Brother_Phase.cpp">
      <Filter>05. GameObject\06. Monster\01. Brother\00. Behavior\00. Custom\99. Unused\00. Phase</Filter>
    </ClCompile>
    <ClCompile Include="Private\Brother_Phase_1.cpp">
      <Filter>05. GameObject\06. Monster\01. Brother\00. Behavior\00. Custom\99. Unused\00. Phase\01. Phase 1</Filter>
    </ClCompile>
    <ClCompile Include="Private\Brother_Behavior.cpp">
      <Filter>05. GameObject\06. Monster\01. Brother\00. Behavior\00. Custom\99. Unused</Filter>
    </ClCompile>
    <ClCompile Include="Private\BrotherNodeLeaf_Run.cpp">
      <Filter>05. GameObject\06. Monster\01. Brother\00. Behavior\00. Custom\00. BehaviorTree\01. Leaf\01. Move\01. Run</Filter>
    </ClCompile>
    <ClCompile Include="Private\BrotherNodeLeaf_Sprint.cpp">
      <Filter>05. GameObject\06. Monster\01. Brother\00. Behavior\00. Custom\00. BehaviorTree\01. Leaf\01. Move\02. Sprint</Filter>
    </ClCompile>
    <ClCompile Include="Private\Brother_BehaviorTree.cpp">
      <Filter>05. GameObject\06. Monster\01. Brother\00. Behavior\00. Custom\00. BehaviorTree</Filter>
    </ClCompile>
    <ClCompile Include="Private\BrotherNode_Root.cpp">
      <Filter>05. GameObject\06. Monster\01. Brother\00. Behavior\00. Custom\00. BehaviorTree\00. Root</Filter>
    </ClCompile>
    <ClCompile Include="Private\BrotherNodeDecorator_Range.cpp">
      <Filter>05. GameObject\06. Monster\01. Brother\00. Behavior\00. Custom\00. BehaviorTree\02. Decorator\01. Range</Filter>
    </ClCompile>
    <ClCompile Include="Private\BrotherNodeDecorator_Repeat.cpp">
      <Filter>05. GameObject\06. Monster\01. Brother\00. Behavior\00. Custom\00. BehaviorTree\02. Decorator\00. Repeat</Filter>
    </ClCompile>
    <ClCompile Include="Private\BrotherNodeSelector_Phase.cpp">
      <Filter>05. GameObject\06. Monster\01. Brother\00. Behavior\00. Custom\00. BehaviorTree\03. Composite\02. Selector\00. Phase</Filter>
    </ClCompile>
    <ClCompile Include="Private\BrotherNodeSelector_Phase1.cpp">
      <Filter>05. GameObject\06. Monster\01. Brother\00. Behavior\00. Custom\00. BehaviorTree\03. Composite\02. Selector\00. Phase\01. Phase1</Filter>
    </ClCompile>
    <ClCompile Include="Private\BrotherNodeSelector_Phase0.cpp">
      <Filter>05. GameObject\06. Monster\01. Brother\00. Behavior\00. Custom\00. BehaviorTree\03. Composite\02. Selector\00. Phase\00. Phase0</Filter>
    </ClCompile>
    <ClCompile Include="Private\BrotherNodeLeaf_LeapBegin.cpp">
      <Filter>05. GameObject\06. Monster\01. Brother\00. Behavior\00. Custom\00. BehaviorTree\01. Leaf\00. Event\01. Leap\00. Begin</Filter>
    </ClCompile>
    <ClCompile Include="Private\BrotherNodeLeaf_LeapEnd.cpp">
      <Filter>05. GameObject\06. Monster\01. Brother\00. Behavior\00. Custom\00. BehaviorTree\01. Leaf\00. Event\01. Leap\01. End</Filter>
    </ClCompile>
    <ClCompile Include="Private\BrotherNodeLeaf_IdleReady.cpp">
      <Filter>05. GameObject\06. Monster\01. Brother\00. Behavior\00. Custom\00. BehaviorTree\01. Leaf\00. Event\00. Idle</Filter>
    </ClCompile>
    <ClCompile Include="Private\BrotherNodeSequence_Enter.cpp">
      <Filter>05. GameObject\06. Monster\01. Brother\00. Behavior\00. Custom\00. BehaviorTree\03. Composite\01. Sequence\00. Enter</Filter>
    </ClCompile>
    <ClCompile Include="Private\BrotherNodeLeaf_SprintSmash.cpp">
      <Filter>05. GameObject\06. Monster\01. Brother\00. Behavior\00. Custom\00. BehaviorTree\01. Leaf\02. Attack\00. SprintSmash</Filter>
    </ClCompile>
    <ClCompile Include="Private\BrotherNodeSequence_SprintSmash.cpp">
      <Filter>05. GameObject\06. Monster\01. Brother\00. Behavior\00. Custom\00. BehaviorTree\03. Composite\01. Sequence\01. SprintSmash</Filter>
    </ClCompile>
  </ItemGroup>
  <ItemGroup>
    <Image Include="Default\Client.ico">
      <Filter>01. Default\02. Resource</Filter>
    </Image>
    <Image Include="Default\small.ico">
      <Filter>01. Default\02. Resource</Filter>
    </Image>
  </ItemGroup>
  <ItemGroup>
    <ResourceCompile Include="Default\Client.rc">
      <Filter>01. Default\02. Resource</Filter>
    </ResourceCompile>
  </ItemGroup>
  <ItemGroup>
    <FxCompile Include="..\Resources\Shader\PosNorTanTex.hlsl">
      <Filter>06. Shader\01. Forward</Filter>
    </FxCompile>
    <FxCompile Include="..\Resources\Shader\PosNorTanTexBone.hlsl">
      <Filter>06. Shader\01. Forward</Filter>
    </FxCompile>
    <FxCompile Include="..\Resources\Shader\PosNorTex.hlsl">
      <Filter>06. Shader\01. Forward</Filter>
    </FxCompile>
    <FxCompile Include="..\Resources\Shader\PosTex.hlsl">
      <Filter>06. Shader\01. Forward</Filter>
    </FxCompile>
  </ItemGroup>
</Project>