<?xml version="1.0" encoding="utf-8"?>
<Project ToolsVersion="4.0" xmlns="http://schemas.microsoft.com/developer/msbuild/2003">
  <ItemGroup>
    <Filter Include="00. Header">
      <UniqueIdentifier>{b20dfd0a-a87b-4676-8c47-9999dc048a1f}</UniqueIdentifier>
    </Filter>
    <Filter Include="01. Default">
      <UniqueIdentifier>{8fde09f9-a09b-4ded-8d28-f4f74c9e8ecd}</UniqueIdentifier>
    </Filter>
    <Filter Include="01. Default\00. Header">
      <UniqueIdentifier>{328b3610-319f-48fb-8f60-83a7cc779ef4}</UniqueIdentifier>
    </Filter>
    <Filter Include="01. Default\01. Source">
      <UniqueIdentifier>{0334c08e-6342-4e8c-830e-55b9ada54635}</UniqueIdentifier>
    </Filter>
    <Filter Include="01. Default\02. Resource">
      <UniqueIdentifier>{1555fcab-e7ac-4763-9b5f-f09ca2aeaa22}</UniqueIdentifier>
    </Filter>
    <Filter Include="02. MainApp">
      <UniqueIdentifier>{3b7ae8ef-0473-406e-b975-0f5e86b97cbd}</UniqueIdentifier>
    </Filter>
    <Filter Include="00. Header\00. PCH">
      <UniqueIdentifier>{66c4c4fb-9c25-4617-8a5e-faa413c8ca98}</UniqueIdentifier>
    </Filter>
    <Filter Include="04. Shader">
      <UniqueIdentifier>{f23dff80-195c-4c9d-9d13-b93329daf7a1}</UniqueIdentifier>
    </Filter>
    <Filter Include="05. Scene">
      <UniqueIdentifier>{24b97d89-930c-4ef0-8089-1b4d3a69d5a3}</UniqueIdentifier>
    </Filter>
    <Filter Include="05. Scene\00. Load">
      <UniqueIdentifier>{10d4d4c5-5aab-48ac-8ede-ee6169871edd}</UniqueIdentifier>
    </Filter>
    <Filter Include="05. Scene\00. Load\00. Loader">
      <UniqueIdentifier>{28bee0f9-4578-44ba-a03b-e20095276a01}</UniqueIdentifier>
    </Filter>
    <Filter Include="05. Scene\01. Menu">
      <UniqueIdentifier>{8b4ea43b-340d-4d56-bff6-37d52b1df41f}</UniqueIdentifier>
    </Filter>
    <Filter Include="06. GameObject">
      <UniqueIdentifier>{c180f1a1-862f-423d-92ac-bf1b70c8cb06}</UniqueIdentifier>
    </Filter>
    <Filter Include="03. Tool">
      <UniqueIdentifier>{014cff2c-5918-4902-9760-25b35651850a}</UniqueIdentifier>
    </Filter>
    <Filter Include="05. Scene\03. Test">
      <UniqueIdentifier>{62df2cd4-1c96-4869-a45d-ad688667d8c7}</UniqueIdentifier>
    </Filter>
    <Filter Include="05. Scene\02. Tool">
      <UniqueIdentifier>{3da9f1a6-4bb5-4fea-b864-d4140e608800}</UniqueIdentifier>
    </Filter>
    <Filter Include="03. Tool\01. ImGui">
      <UniqueIdentifier>{cdb4e014-721c-4724-9f05-a9f6c43f5bea}</UniqueIdentifier>
    </Filter>
    <Filter Include="03. Tool\01. ImGui\01. Header">
      <UniqueIdentifier>{78fa90c1-b78e-47ff-b30d-a051a22d7f4f}</UniqueIdentifier>
    </Filter>
    <Filter Include="03. Tool\01. ImGui\02. Source">
      <UniqueIdentifier>{9fcd03a0-2392-4375-a152-67d982431874}</UniqueIdentifier>
    </Filter>
    <Filter Include="03. Tool\00. Manager">
      <UniqueIdentifier>{e9ff588c-200f-4c81-8694-957f4011a305}</UniqueIdentifier>
    </Filter>
    <Filter Include="03. Tool\02. ImGuizmo">
      <UniqueIdentifier>{3341e528-1a3c-420e-830f-42bf3fbe5472}</UniqueIdentifier>
    </Filter>
    <Filter Include="03. Tool\03. ImGuiFileDialog">
      <UniqueIdentifier>{7ec85bb3-5b82-4c0c-9fa4-3edd1a2058f7}</UniqueIdentifier>
    </Filter>
    <Filter Include="03. Tool\03. ImGuiFileDialog\01. Header">
      <UniqueIdentifier>{62e73340-2bb0-47b4-95ba-233838d13320}</UniqueIdentifier>
    </Filter>
    <Filter Include="03. Tool\03. ImGuiFileDialog\02. Source">
      <UniqueIdentifier>{4d592b8e-225a-406e-b0f3-66699accd012}</UniqueIdentifier>
    </Filter>
    <Filter Include="03. Tool\02. ImGuizmo\01. Header">
      <UniqueIdentifier>{d7e7b724-d6f6-4128-ae80-b2dc16762a62}</UniqueIdentifier>
    </Filter>
    <Filter Include="03. Tool\02. ImGuizmo\02. Source">
      <UniqueIdentifier>{e0dfafc4-1ca2-4087-ab1c-0e9e2030eec1}</UniqueIdentifier>
    </Filter>
    <Filter Include="04. Shader\00. Include">
      <UniqueIdentifier>{06cd7987-a95a-411c-bd85-19cb670e144f}</UniqueIdentifier>
    </Filter>
    <Filter Include="06. GameObject\01. Demo">
      <UniqueIdentifier>{794baa40-c63a-4b05-bad3-9fd303f0d4d7}</UniqueIdentifier>
    </Filter>
    <Filter Include="06. GameObject\01. Demo\01. Background">
      <UniqueIdentifier>{aefec61f-1da6-4708-a4dc-9cd9f7290c2a}</UniqueIdentifier>
    </Filter>
    <Filter Include="06. GameObject\01. Demo\02. Terrain">
      <UniqueIdentifier>{ac879c5a-3fc3-40d4-bce9-ce64ddfe1f32}</UniqueIdentifier>
    </Filter>
    <Filter Include="06. GameObject\02. UI">
      <UniqueIdentifier>{c7626695-8256-4e5d-83e3-262ea6ed6256}</UniqueIdentifier>
    </Filter>
    <Filter Include="06. GameObject\02. UI\01. InGame">
      <UniqueIdentifier>{e0da5f27-2343-48af-8880-8162b57f0a9d}</UniqueIdentifier>
    </Filter>
    <Filter Include="06. GameObject\03. Camera">
      <UniqueIdentifier>{4a5b1052-39ab-4004-a3e3-43d321a97bd7}</UniqueIdentifier>
    </Filter>
    <Filter Include="06. GameObject\03. Camera\00. MainCamera">
      <UniqueIdentifier>{0967b197-a0a9-4bd8-b3e9-5ead662ed88b}</UniqueIdentifier>
    </Filter>
    <Filter Include="06. GameObject\04. Terrain">
      <UniqueIdentifier>{e68124d5-8f8d-4403-9c7a-cd676bc95e33}</UniqueIdentifier>
    </Filter>
    <Filter Include="06. GameObject\04. Terrain\01. GolemPlains">
      <UniqueIdentifier>{4733f48e-72a4-4f07-8a84-45f846e319d9}</UniqueIdentifier>
    </Filter>
    <Filter Include="06. GameObject\05. Survivor">
      <UniqueIdentifier>{d5058e98-5773-41a5-b513-290f92f76429}</UniqueIdentifier>
    </Filter>
    <Filter Include="06. GameObject\05. Survivor\01. RailGunner">
      <UniqueIdentifier>{e6e012e1-41d0-440f-97fd-ceb0c235e461}</UniqueIdentifier>
    </Filter>
    <Filter Include="06. GameObject\05. Survivor\01. RailGunner\00. Behavior">
      <UniqueIdentifier>{a565f8aa-8e94-476b-a2da-82ee0ed5e736}</UniqueIdentifier>
    </Filter>
    <Filter Include="06. GameObject\05. Survivor\01. RailGunner\00. Behavior\01. Control">
      <UniqueIdentifier>{def1028c-f18b-4c90-933d-35a4d1d8e97e}</UniqueIdentifier>
    </Filter>
    <Filter Include="06. GameObject\05. Survivor\01. RailGunner\01. System">
      <UniqueIdentifier>{607403cb-648a-46b2-a4f5-2bc28cc78413}</UniqueIdentifier>
    </Filter>
    <Filter Include="06. GameObject\05. Survivor\01. RailGunner\01. System\01. State">
      <UniqueIdentifier>{d478aa15-2134-405a-b508-676a904439de}</UniqueIdentifier>
    </Filter>
    <Filter Include="06. GameObject\05. Survivor\01. RailGunner\01. System\02. Crosshair">
      <UniqueIdentifier>{b1078752-e856-4d22-821f-23ac01dbdd5c}</UniqueIdentifier>
    </Filter>
    <Filter Include="06. GameObject\05. Survivor\01. RailGunner\02. Bullet">
      <UniqueIdentifier>{e80708ea-ed3d-4c89-97e1-9a5341a86034}</UniqueIdentifier>
    </Filter>
    <Filter Include="06. GameObject\05. Survivor\01. RailGunner\02. Bullet\01. Pistol">
      <UniqueIdentifier>{47e1a9ba-c8c3-49d1-b631-57f6b124976e}</UniqueIdentifier>
    </Filter>
    <Filter Include="06. GameObject\05. Survivor\01. RailGunner\02. Bullet\02. Sniper">
      <UniqueIdentifier>{4d71bd31-ce58-46ab-bd88-80fd2eb0ac2e}</UniqueIdentifier>
    </Filter>
    <Filter Include="06. GameObject\05. Survivor\01. RailGunner\02. Bullet\03. Super">
      <UniqueIdentifier>{397ab4c9-ed7b-411f-8492-b20198afe12f}</UniqueIdentifier>
    </Filter>
    <Filter Include="06. GameObject\06. Monster">
      <UniqueIdentifier>{52191b82-4bcd-4ad4-932c-5c5ed43f9ded}</UniqueIdentifier>
    </Filter>
    <Filter Include="06. GameObject\06. Monster\01. Golem">
      <UniqueIdentifier>{1cc5cfb9-b538-4d93-a584-f9700ef59258}</UniqueIdentifier>
    </Filter>
    <Filter Include="06. GameObject\06. Monster\00. Behavior">
      <UniqueIdentifier>{57ad35a8-1deb-41c3-b23f-f7e5dc1bc90d}</UniqueIdentifier>
    </Filter>
    <Filter Include="06. GameObject\06. Monster\01. Golem\00. Behavior">
      <UniqueIdentifier>{5a41e553-4950-448c-8108-30f8cbe524f4}</UniqueIdentifier>
    </Filter>
    <Filter Include="06. GameObject\06. Monster\00. Behavior\01. Custom">
      <UniqueIdentifier>{6efb9f9e-4644-43c6-9236-539d195f1b67}</UniqueIdentifier>
    </Filter>
    <Filter Include="06. GameObject\06. Monster\01. Golem\00. Behavior\01. Custom">
      <UniqueIdentifier>{ccbf8776-626c-47de-9bec-5c86a8a0bbfd}</UniqueIdentifier>
    </Filter>
    <Filter Include="00. Header\01. Inline">
      <UniqueIdentifier>{1a6ec9b3-709e-4b88-a979-16b852284794}</UniqueIdentifier>
    </Filter>
    <Filter Include="00. Header\02. Source">
      <UniqueIdentifier>{45e2723a-144f-484e-a5aa-de94af4c7700}</UniqueIdentifier>
    </Filter>
    <Filter Include="00. Header\03. Tool">
      <UniqueIdentifier>{f2f50fbe-0bc0-46cb-9842-df561502b0a0}</UniqueIdentifier>
    </Filter>
    <Filter Include="06. GameObject\06. Monster\01. Golem\00. Behavior\01. Custom\00. State">
      <UniqueIdentifier>{1f7b3589-3ffc-4f5e-b42e-43fb44dcb8d0}</UniqueIdentifier>
    </Filter>
    <Filter Include="06. GameObject\06. Monster\01. Golem\00. Behavior\01. Custom\00. State\01. Untarget">
      <UniqueIdentifier>{6334c617-94c6-4b38-8e92-ca562224a2e0}</UniqueIdentifier>
    </Filter>
    <Filter Include="06. GameObject\06. Monster\01. Golem\00. Behavior\01. Custom\00. State\02. Target">
      <UniqueIdentifier>{da410491-7049-4a6f-bff5-77ebb46f17f5}</UniqueIdentifier>
    </Filter>
    <Filter Include="04. Shader\01. Forward">
      <UniqueIdentifier>{cdcc84d8-04ba-42c8-b8cb-b3e44775125e}</UniqueIdentifier>
    </Filter>
    <Filter Include="04. Shader\02. Deferred">
      <UniqueIdentifier>{cbd4c466-994d-44b5-b95a-799e1ecdc6a5}</UniqueIdentifier>
    </Filter>
    <Filter Include="06. GameObject\06. Monster\01. Golem\00. Behavior\01. Custom\00. State\03. Hit">
      <UniqueIdentifier>{21b582e8-ef9d-46e0-a6ff-4949c687c7e6}</UniqueIdentifier>
    </Filter>
  </ItemGroup>
  <ItemGroup>
    <ClInclude Include="Default\Client.h">
      <Filter>01. Default\00. Header</Filter>
    </ClInclude>
    <ClInclude Include="Default\framework.h">
      <Filter>01. Default\00. Header</Filter>
    </ClInclude>
    <ClInclude Include="Default\Resource.h">
      <Filter>01. Default\00. Header</Filter>
    </ClInclude>
    <ClInclude Include="Default\targetver.h">
      <Filter>01. Default\00. Header</Filter>
    </ClInclude>
    <ClInclude Include="Public\Client_Define.h">
      <Filter>00. Header</Filter>
    </ClInclude>
    <ClInclude Include="Public\MainApp.h">
      <Filter>02. MainApp</Filter>
    </ClInclude>
    <ClInclude Include="Public\ClientPCH.h">
      <Filter>00. Header\00. PCH</Filter>
    </ClInclude>
    <ClInclude Include="Public\Loader_Menu.h">
      <Filter>05. Scene\01. Menu</Filter>
    </ClInclude>
    <ClInclude Include="Public\Loader_Test.h">
      <Filter>05. Scene\03. Test</Filter>
    </ClInclude>
    <ClInclude Include="Public\Loader.h">
      <Filter>05. Scene\00. Load\00. Loader</Filter>
    </ClInclude>
    <ClInclude Include="Public\Scene_Load.h">
      <Filter>05. Scene\00. Load</Filter>
    </ClInclude>
    <ClInclude Include="Public\Scene_Test.h">
      <Filter>05. Scene\03. Test</Filter>
    </ClInclude>
    <ClInclude Include="Public\Scene_Menu.h">
      <Filter>05. Scene\01. Menu</Filter>
    </ClInclude>
    <ClInclude Include="Public\Client_Enum.h">
      <Filter>00. Header</Filter>
    </ClInclude>
    <ClInclude Include="Public\Background.h">
      <Filter>06. GameObject\01. Demo\01. Background</Filter>
    </ClInclude>
    <ClInclude Include="Public\Camera_Main.h">
      <Filter>06. GameObject\03. Camera\00. MainCamera</Filter>
    </ClInclude>
    <ClInclude Include="Public\Client_Variable.h">
      <Filter>00. Header</Filter>
    </ClInclude>
    <ClInclude Include="Public\Thread_Loader.h">
      <Filter>05. Scene\00. Load\00. Loader</Filter>
    </ClInclude>
    <ClInclude Include="Public\Terrain.h">
      <Filter>06. GameObject\01. Demo\02. Terrain</Filter>
    </ClInclude>
    <ClInclude Include="..\Reference\Header\ImGui\imconfig.h">
      <Filter>03. Tool\01. ImGui\01. Header</Filter>
    </ClInclude>
    <ClInclude Include="..\Reference\Header\ImGui\imgui.h">
      <Filter>03. Tool\01. ImGui\01. Header</Filter>
    </ClInclude>
    <ClInclude Include="..\Reference\Header\ImGui\imgui_impl_dx11.h">
      <Filter>03. Tool\01. ImGui\01. Header</Filter>
    </ClInclude>
    <ClInclude Include="..\Reference\Header\ImGui\imgui_impl_win32.h">
      <Filter>03. Tool\01. ImGui\01. Header</Filter>
    </ClInclude>
    <ClInclude Include="..\Reference\Header\ImGui\imgui_internal.h">
      <Filter>03. Tool\01. ImGui\01. Header</Filter>
    </ClInclude>
    <ClInclude Include="..\Reference\Header\ImGui\imstb_rectpack.h">
      <Filter>03. Tool\01. ImGui\01. Header</Filter>
    </ClInclude>
    <ClInclude Include="..\Reference\Header\ImGui\imstb_textedit.h">
      <Filter>03. Tool\01. ImGui\01. Header</Filter>
    </ClInclude>
    <ClInclude Include="..\Reference\Header\ImGui\imstb_truetype.h">
      <Filter>03. Tool\01. ImGui\01. Header</Filter>
    </ClInclude>
    <ClInclude Include="Public\ImGui_Manager.h">
      <Filter>03. Tool\00. Manager</Filter>
    </ClInclude>
    <ClInclude Include="Public\GolemPlains.h">
      <Filter>06. GameObject\04. Terrain\01. GolemPlains</Filter>
    </ClInclude>
    <ClInclude Include="Public\Scene_Tool.h">
      <Filter>05. Scene\02. Tool</Filter>
    </ClInclude>
    <ClInclude Include="..\Reference\Header\ImGuiFileDialog\ImGuiFileDialog.h">
      <Filter>03. Tool\03. ImGuiFileDialog\01. Header</Filter>
    </ClInclude>
    <ClInclude Include="..\Reference\Header\ImGuiFileDialog\ImGuiFileDialogConfig.h">
      <Filter>03. Tool\03. ImGuiFileDialog\01. Header</Filter>
    </ClInclude>
    <ClInclude Include="Public\Tool_Define.h">
      <Filter>00. Header\03. Tool</Filter>
    </ClInclude>
    <ClInclude Include="..\Reference\Header\ImGuizmo\GraphEditor.h">
      <Filter>03. Tool\02. ImGuizmo\01. Header</Filter>
    </ClInclude>
    <ClInclude Include="..\Reference\Header\ImGuizmo\ImCurveEdit.h">
      <Filter>03. Tool\02. ImGuizmo\01. Header</Filter>
    </ClInclude>
    <ClInclude Include="..\Reference\Header\ImGuizmo\ImGradient.h">
      <Filter>03. Tool\02. ImGuizmo\01. Header</Filter>
    </ClInclude>
    <ClInclude Include="..\Reference\Header\ImGuizmo\ImGuizmo.h">
      <Filter>03. Tool\02. ImGuizmo\01. Header</Filter>
    </ClInclude>
    <ClInclude Include="..\Reference\Header\ImGuizmo\ImSequencer.h">
      <Filter>03. Tool\02. ImGuizmo\01. Header</Filter>
    </ClInclude>
    <ClInclude Include="..\Reference\Header\ImGuizmo\ImZoomSlider.h">
      <Filter>03. Tool\02. ImGuizmo\01. Header</Filter>
    </ClInclude>
    <ClInclude Include="Public\Client_Settings.h">
      <Filter>00. Header\00. PCH</Filter>
    </ClInclude>
    <ClInclude Include="Public\RailGunner.h">
      <Filter>06. GameObject\05. Survivor\01. RailGunner</Filter>
    </ClInclude>
    <ClInclude Include="Public\RailGunner_Crosshair.h">
      <Filter>06. GameObject\05. Survivor\01. RailGunner\01. System\02. Crosshair</Filter>
    </ClInclude>
    <ClInclude Include="Public\Control_RailGunner.h">
      <Filter>06. GameObject\05. Survivor\01. RailGunner\00. Behavior\01. Control</Filter>
    </ClInclude>
    <ClInclude Include="Public\Client_Animation.h">
      <Filter>00. Header</Filter>
    </ClInclude>
    <ClInclude Include="Public\RailGunner_State.h">
      <Filter>06. GameObject\05. Survivor\01. RailGunner\01. System\01. State</Filter>
    </ClInclude>
    <ClInclude Include="Public\RailGunner_PistolBullet.h">
      <Filter>06. GameObject\05. Survivor\01. RailGunner\02. Bullet\01. Pistol</Filter>
    </ClInclude>
    <ClInclude Include="Public\Golem.h">
      <Filter>06. GameObject\06. Monster\01. Golem</Filter>
    </ClInclude>
    <ClInclude Include="Public\Golem_Behavior.h">
      <Filter>06. GameObject\06. Monster\01. Golem\00. Behavior\01. Custom</Filter>
    </ClInclude>
    <ClInclude Include="Public\Client_Function.h">
      <Filter>00. Header</Filter>
    </ClInclude>
    <ClInclude Include="Public\Golem_Untarget.h">
      <Filter>06. GameObject\06. Monster\01. Golem\00. Behavior\01. Custom\00. State\01. Untarget</Filter>
    </ClInclude>
    <ClInclude Include="Public\Golem_Target.h">
      <Filter>06. GameObject\06. Monster\01. Golem\00. Behavior\01. Custom\00. State\02. Target</Filter>
    </ClInclude>
    <ClInclude Include="Public\Hostile.h">
      <Filter>06. GameObject\06. Monster\00. Behavior\01. Custom</Filter>
    </ClInclude>
    <ClInclude Include="Public\Monster.h">
      <Filter>06. GameObject\06. Monster</Filter>
    </ClInclude>
    <ClInclude Include="Public\Golem_Hit.h">
      <Filter>06. GameObject\06. Monster\01. Golem\00. Behavior\01. Custom\00. State\03. Hit</Filter>
    </ClInclude>
  </ItemGroup>
  <ItemGroup>
    <ClCompile Include="Default\Client.cpp">
      <Filter>01. Default\01. Source</Filter>
    </ClCompile>
    <ClCompile Include="Private\MainApp.cpp">
      <Filter>02. MainApp</Filter>
    </ClCompile>
    <ClCompile Include="Private\ClientPCH.cpp">
      <Filter>00. Header\00. PCH</Filter>
    </ClCompile>
    <ClCompile Include="Private\Scene_Load.cpp">
      <Filter>05. Scene\00. Load</Filter>
    </ClCompile>
    <ClCompile Include="Private\Loader.cpp">
      <Filter>05. Scene\00. Load\00. Loader</Filter>
    </ClCompile>
    <ClCompile Include="Private\Scene_Test.cpp">
      <Filter>05. Scene\03. Test</Filter>
    </ClCompile>
    <ClCompile Include="Private\Scene_Menu.cpp">
      <Filter>05. Scene\01. Menu</Filter>
    </ClCompile>
    <ClCompile Include="Private\Background.cpp">
      <Filter>06. GameObject\01. Demo\01. Background</Filter>
    </ClCompile>
    <ClCompile Include="Private\Camera_Main.cpp">
      <Filter>06. GameObject\03. Camera\00. MainCamera</Filter>
    </ClCompile>
    <ClCompile Include="Private\Terrain.cpp">
      <Filter>06. GameObject\01. Demo\02. Terrain</Filter>
    </ClCompile>
    <ClCompile Include="..\Reference\Source\ImGui\imgui.cpp">
      <Filter>03. Tool\01. ImGui\02. Source</Filter>
    </ClCompile>
    <ClCompile Include="..\Reference\Source\ImGui\imgui_draw.cpp">
      <Filter>03. Tool\01. ImGui\02. Source</Filter>
    </ClCompile>
    <ClCompile Include="..\Reference\Source\ImGui\imgui_impl_dx11.cpp">
      <Filter>03. Tool\01. ImGui\02. Source</Filter>
    </ClCompile>
    <ClCompile Include="..\Reference\Source\ImGui\imgui_impl_win32.cpp">
      <Filter>03. Tool\01. ImGui\02. Source</Filter>
    </ClCompile>
    <ClCompile Include="..\Reference\Source\ImGui\imgui_tables.cpp">
      <Filter>03. Tool\01. ImGui\02. Source</Filter>
    </ClCompile>
    <ClCompile Include="..\Reference\Source\ImGui\imgui_widgets.cpp">
      <Filter>03. Tool\01. ImGui\02. Source</Filter>
    </ClCompile>
    <ClCompile Include="Private\ImGui_Manager.cpp">
      <Filter>03. Tool\00. Manager</Filter>
    </ClCompile>
    <ClCompile Include="Private\GolemPlains.cpp">
      <Filter>06. GameObject\04. Terrain\01. GolemPlains</Filter>
    </ClCompile>
    <ClCompile Include="Private\Scene_Tool.cpp">
      <Filter>05. Scene\02. Tool</Filter>
    </ClCompile>
    <ClCompile Include="..\Reference\Source\ImGuiFileDialog\ImGuiFileDialog.cpp">
      <Filter>03. Tool\03. ImGuiFileDialog\02. Source</Filter>
    </ClCompile>
    <ClCompile Include="..\Reference\Source\ImGuizmo\GraphEditor.cpp">
      <Filter>03. Tool\02. ImGuizmo\02. Source</Filter>
    </ClCompile>
    <ClCompile Include="..\Reference\Source\ImGuizmo\ImCurveEdit.cpp">
      <Filter>03. Tool\02. ImGuizmo\02. Source</Filter>
    </ClCompile>
    <ClCompile Include="..\Reference\Source\ImGuizmo\ImGradient.cpp">
      <Filter>03. Tool\02. ImGuizmo\02. Source</Filter>
    </ClCompile>
    <ClCompile Include="..\Reference\Source\ImGuizmo\ImGuizmo.cpp">
      <Filter>03. Tool\02. ImGuizmo\02. Source</Filter>
    </ClCompile>
    <ClCompile Include="..\Reference\Source\ImGuizmo\ImSequencer.cpp">
      <Filter>03. Tool\02. ImGuizmo\02. Source</Filter>
    </ClCompile>
    <ClCompile Include="Private\RailGunner.cpp">
      <Filter>06. GameObject\05. Survivor\01. RailGunner</Filter>
    </ClCompile>
    <ClCompile Include="Private\RailGunner_Crosshair.cpp">
      <Filter>06. GameObject\05. Survivor\01. RailGunner\01. System\02. Crosshair</Filter>
    </ClCompile>
    <ClCompile Include="Private\Control_RailGunner.cpp">
      <Filter>06. GameObject\05. Survivor\01. RailGunner\00. Behavior\01. Control</Filter>
    </ClCompile>
    <ClCompile Include="Private\RailGunner_State.cpp">
      <Filter>06. GameObject\05. Survivor\01. RailGunner\01. System\01. State</Filter>
    </ClCompile>
    <ClCompile Include="Private\RailGunner_PistolBullet.cpp">
      <Filter>06. GameObject\05. Survivor\01. RailGunner\02. Bullet\01. Pistol</Filter>
    </ClCompile>
    <ClCompile Include="Private\Golem.cpp">
      <Filter>06. GameObject\06. Monster\01. Golem</Filter>
    </ClCompile>
    <ClCompile Include="Private\Golem_Behavior.cpp">
      <Filter>06. GameObject\06. Monster\01. Golem\00. Behavior\01. Custom</Filter>
    </ClCompile>
    <ClCompile Include="Private\Client_Function.cpp">
      <Filter>00. Header\02. Source</Filter>
    </ClCompile>
    <ClCompile Include="Private\Golem_Untarget.cpp">
      <Filter>06. GameObject\06. Monster\01. Golem\00. Behavior\01. Custom\00. State\01. Untarget</Filter>
    </ClCompile>
    <ClCompile Include="Private\Golem_Target.cpp">
      <Filter>06. GameObject\06. Monster\01. Golem\00. Behavior\01. Custom\00. State\02. Target</Filter>
    </ClCompile>
    <ClCompile Include="Private\Hostile.cpp">
      <Filter>06. GameObject\06. Monster\00. Behavior\01. Custom</Filter>
    </ClCompile>
    <ClCompile Include="Private\Monster.cpp">
      <Filter>06. GameObject\06. Monster</Filter>
    </ClCompile>
    <ClCompile Include="Private\Golem_Hit.cpp">
      <Filter>06. GameObject\06. Monster\01. Golem\00. Behavior\01. Custom\00. State\03. Hit</Filter>
    </ClCompile>
  </ItemGroup>
  <ItemGroup>
    <Image Include="Default\Client.ico">
      <Filter>01. Default\02. Resource</Filter>
    </Image>
    <Image Include="Default\small.ico">
      <Filter>01. Default\02. Resource</Filter>
    </Image>
  </ItemGroup>
  <ItemGroup>
    <ResourceCompile Include="Default\Client.rc">
      <Filter>01. Default\02. Resource</Filter>
    </ResourceCompile>
  </ItemGroup>
  <ItemGroup>
    <FxCompile Include="..\Resources\Shader\PosNorTanTex.hlsl">
      <Filter>04. Shader\01. Forward</Filter>
    </FxCompile>
    <FxCompile Include="..\Resources\Shader\PosNorTanTexBone.hlsl">
      <Filter>04. Shader\01. Forward</Filter>
    </FxCompile>
    <FxCompile Include="..\Resources\Shader\PosNorTex.hlsl">
      <Filter>04. Shader\01. Forward</Filter>
    </FxCompile>
    <FxCompile Include="..\Resources\Shader\PosTex.hlsl">
      <Filter>04. Shader\01. Forward</Filter>
    </FxCompile>
  </ItemGroup>
  <ItemGroup>
    <None Include="..\Resources\Shader\ShaderCommon.hlsli">
      <Filter>04. Shader\00. Include</Filter>
    </None>
    <None Include="..\Resources\Shader\ShaderDefine.hlsli">
      <Filter>04. Shader\00. Include</Filter>
    </None>
  </ItemGroup>
</Project>
