<?xml version="1.0" encoding="utf-8"?>
<Project ToolsVersion="4.0" xmlns="http://schemas.microsoft.com/developer/msbuild/2003">
  <ItemGroup>
    <Filter Include="00. Header">
      <UniqueIdentifier>{b20dfd0a-a87b-4676-8c47-9999dc048a1f}</UniqueIdentifier>
    </Filter>
    <Filter Include="01. Default">
      <UniqueIdentifier>{8fde09f9-a09b-4ded-8d28-f4f74c9e8ecd}</UniqueIdentifier>
    </Filter>
    <Filter Include="01. Default\00. Header">
      <UniqueIdentifier>{328b3610-319f-48fb-8f60-83a7cc779ef4}</UniqueIdentifier>
    </Filter>
    <Filter Include="01. Default\01. Source">
      <UniqueIdentifier>{0334c08e-6342-4e8c-830e-55b9ada54635}</UniqueIdentifier>
    </Filter>
    <Filter Include="01. Default\02. Resource">
      <UniqueIdentifier>{1555fcab-e7ac-4763-9b5f-f09ca2aeaa22}</UniqueIdentifier>
    </Filter>
    <Filter Include="02. MainApp">
      <UniqueIdentifier>{3b7ae8ef-0473-406e-b975-0f5e86b97cbd}</UniqueIdentifier>
    </Filter>
    <Filter Include="00. Header\00. PCH">
      <UniqueIdentifier>{66c4c4fb-9c25-4617-8a5e-faa413c8ca98}</UniqueIdentifier>
    </Filter>
    <Filter Include="03. Tool">
      <UniqueIdentifier>{014cff2c-5918-4902-9760-25b35651850a}</UniqueIdentifier>
    </Filter>
    <Filter Include="03. Tool\01. ImGui">
      <UniqueIdentifier>{cdb4e014-721c-4724-9f05-a9f6c43f5bea}</UniqueIdentifier>
    </Filter>
    <Filter Include="03. Tool\01. ImGui\01. Header">
      <UniqueIdentifier>{78fa90c1-b78e-47ff-b30d-a051a22d7f4f}</UniqueIdentifier>
    </Filter>
    <Filter Include="03. Tool\01. ImGui\02. Source">
      <UniqueIdentifier>{9fcd03a0-2392-4375-a152-67d982431874}</UniqueIdentifier>
    </Filter>
    <Filter Include="03. Tool\00. Manager">
      <UniqueIdentifier>{e9ff588c-200f-4c81-8694-957f4011a305}</UniqueIdentifier>
    </Filter>
    <Filter Include="03. Tool\02. ImGuizmo">
      <UniqueIdentifier>{3341e528-1a3c-420e-830f-42bf3fbe5472}</UniqueIdentifier>
    </Filter>
    <Filter Include="03. Tool\03. ImGuiFileDialog">
      <UniqueIdentifier>{7ec85bb3-5b82-4c0c-9fa4-3edd1a2058f7}</UniqueIdentifier>
    </Filter>
    <Filter Include="03. Tool\03. ImGuiFileDialog\01. Header">
      <UniqueIdentifier>{62e73340-2bb0-47b4-95ba-233838d13320}</UniqueIdentifier>
    </Filter>
    <Filter Include="03. Tool\03. ImGuiFileDialog\02. Source">
      <UniqueIdentifier>{4d592b8e-225a-406e-b0f3-66699accd012}</UniqueIdentifier>
    </Filter>
    <Filter Include="03. Tool\02. ImGuizmo\01. Header">
      <UniqueIdentifier>{d7e7b724-d6f6-4128-ae80-b2dc16762a62}</UniqueIdentifier>
    </Filter>
    <Filter Include="03. Tool\02. ImGuizmo\02. Source">
      <UniqueIdentifier>{e0dfafc4-1ca2-4087-ab1c-0e9e2030eec1}</UniqueIdentifier>
    </Filter>
    <Filter Include="00. Header\01. Inline">
      <UniqueIdentifier>{1a6ec9b3-709e-4b88-a979-16b852284794}</UniqueIdentifier>
    </Filter>
    <Filter Include="00. Header\02. Source">
      <UniqueIdentifier>{45e2723a-144f-484e-a5aa-de94af4c7700}</UniqueIdentifier>
    </Filter>
    <Filter Include="00. Header\03. Tool">
      <UniqueIdentifier>{f2f50fbe-0bc0-46cb-9842-df561502b0a0}</UniqueIdentifier>
    </Filter>
    <Filter Include="04. Scene">
      <UniqueIdentifier>{24b97d89-930c-4ef0-8089-1b4d3a69d5a3}</UniqueIdentifier>
    </Filter>
    <Filter Include="04. Scene\00. Load">
      <UniqueIdentifier>{10d4d4c5-5aab-48ac-8ede-ee6169871edd}</UniqueIdentifier>
    </Filter>
    <Filter Include="04. Scene\00. Load\00. Loader">
      <UniqueIdentifier>{28bee0f9-4578-44ba-a03b-e20095276a01}</UniqueIdentifier>
    </Filter>
    <Filter Include="04. Scene\01. Menu">
      <UniqueIdentifier>{8b4ea43b-340d-4d56-bff6-37d52b1df41f}</UniqueIdentifier>
    </Filter>
    <Filter Include="04. Scene\03. Test">
      <UniqueIdentifier>{62df2cd4-1c96-4869-a45d-ad688667d8c7}</UniqueIdentifier>
    </Filter>
    <Filter Include="04. Scene\02. Tool">
      <UniqueIdentifier>{3da9f1a6-4bb5-4fea-b864-d4140e608800}</UniqueIdentifier>
    </Filter>
    <Filter Include="04. Scene\09. Moon">
      <UniqueIdentifier>{f3f6d265-c768-4dc8-8cff-d79846edca71}</UniqueIdentifier>
    </Filter>
    <Filter Include="05. GameObject">
      <UniqueIdentifier>{c180f1a1-862f-423d-92ac-bf1b70c8cb06}</UniqueIdentifier>
    </Filter>
    <Filter Include="05. GameObject\01. Demo">
      <UniqueIdentifier>{794baa40-c63a-4b05-bad3-9fd303f0d4d7}</UniqueIdentifier>
    </Filter>
    <Filter Include="05. GameObject\01. Demo\01. Background">
      <UniqueIdentifier>{aefec61f-1da6-4708-a4dc-9cd9f7290c2a}</UniqueIdentifier>
    </Filter>
    <Filter Include="05. GameObject\01. Demo\02. Terrain">
      <UniqueIdentifier>{ac879c5a-3fc3-40d4-bce9-ce64ddfe1f32}</UniqueIdentifier>
    </Filter>
    <Filter Include="05. GameObject\02. UI">
      <UniqueIdentifier>{c7626695-8256-4e5d-83e3-262ea6ed6256}</UniqueIdentifier>
    </Filter>
    <Filter Include="05. GameObject\03. Camera">
      <UniqueIdentifier>{4a5b1052-39ab-4004-a3e3-43d321a97bd7}</UniqueIdentifier>
    </Filter>
    <Filter Include="06. Shader">
      <UniqueIdentifier>{f23dff80-195c-4c9d-9d13-b93329daf7a1}</UniqueIdentifier>
    </Filter>
    <Filter Include="06. Shader\01. Forward">
      <UniqueIdentifier>{cdcc84d8-04ba-42c8-b8cb-b3e44775125e}</UniqueIdentifier>
    </Filter>
    <Filter Include="06. Shader\01. Forward\00. Instance">
      <UniqueIdentifier>{fccbf0e3-6711-4ea8-99a0-851c7a97e66d}</UniqueIdentifier>
    </Filter>
    <Filter Include="05. GameObject\03. Camera\00. MainCamera">
      <UniqueIdentifier>{0967b197-a0a9-4bd8-b3e9-5ead662ed88b}</UniqueIdentifier>
    </Filter>
    <Filter Include="04. Scene\02. Tool\00. Gizmo">
      <UniqueIdentifier>{dc2f36d3-dd20-4ba1-bb1d-d7ab1fe69835}</UniqueIdentifier>
    </Filter>
    <Filter Include="05. GameObject\05. Terrain">
      <UniqueIdentifier>{e68124d5-8f8d-4403-9c7a-cd676bc95e33}</UniqueIdentifier>
    </Filter>
    <Filter Include="05. GameObject\05. Terrain\01. GolemPlains">
      <UniqueIdentifier>{4733f48e-72a4-4f07-8a84-45f846e319d9}</UniqueIdentifier>
    </Filter>
    <Filter Include="05. GameObject\05. Terrain\06. Moon">
      <UniqueIdentifier>{cce9257e-e069-41bd-9fb4-15b93054e949}</UniqueIdentifier>
    </Filter>
    <Filter Include="05. GameObject\04. SkyBox">
      <UniqueIdentifier>{39767023-58f3-424b-916a-5344cf31c169}</UniqueIdentifier>
    </Filter>
    <Filter Include="05. GameObject\04. SkyBox\00. Cube">
      <UniqueIdentifier>{c19f9774-fd1a-41be-8ac1-98340eb8c705}</UniqueIdentifier>
    </Filter>
    <Filter Include="05. GameObject\07. Survivor">
      <UniqueIdentifier>{d5058e98-5773-41a5-b513-290f92f76429}</UniqueIdentifier>
    </Filter>
    <Filter Include="05. GameObject\07. Survivor\01. RailGunner">
      <UniqueIdentifier>{e6e012e1-41d0-440f-97fd-ceb0c235e461}</UniqueIdentifier>
    </Filter>
    <Filter Include="05. GameObject\07. Survivor\01. RailGunner\00. Behavior">
      <UniqueIdentifier>{a565f8aa-8e94-476b-a2da-82ee0ed5e736}</UniqueIdentifier>
    </Filter>
    <Filter Include="05. GameObject\07. Survivor\01. RailGunner\00. Behavior\01. Control">
      <UniqueIdentifier>{def1028c-f18b-4c90-933d-35a4d1d8e97e}</UniqueIdentifier>
    </Filter>
    <Filter Include="05. GameObject\07. Survivor\01. RailGunner\01. System">
      <UniqueIdentifier>{607403cb-648a-46b2-a4f5-2bc28cc78413}</UniqueIdentifier>
    </Filter>
    <Filter Include="05. GameObject\07. Survivor\01. RailGunner\01. System\01. State">
      <UniqueIdentifier>{d478aa15-2134-405a-b508-676a904439de}</UniqueIdentifier>
    </Filter>
    <Filter Include="05. GameObject\07. Survivor\01. RailGunner\01. System\02. Crosshair">
      <UniqueIdentifier>{b1078752-e856-4d22-821f-23ac01dbdd5c}</UniqueIdentifier>
    </Filter>
    <Filter Include="05. GameObject\07. Survivor\01. RailGunner\02. Bullet">
      <UniqueIdentifier>{e80708ea-ed3d-4c89-97e1-9a5341a86034}</UniqueIdentifier>
    </Filter>
    <Filter Include="05. GameObject\07. Survivor\01. RailGunner\02. Bullet\01. Pistol">
      <UniqueIdentifier>{47e1a9ba-c8c3-49d1-b631-57f6b124976e}</UniqueIdentifier>
    </Filter>
    <Filter Include="05. GameObject\07. Survivor\01. RailGunner\02. Bullet\02. Sniper">
      <UniqueIdentifier>{4d71bd31-ce58-46ab-bd88-80fd2eb0ac2e}</UniqueIdentifier>
    </Filter>
    <Filter Include="05. GameObject\07. Survivor\01. RailGunner\02. Bullet\03. Super">
      <UniqueIdentifier>{397ab4c9-ed7b-411f-8492-b20198afe12f}</UniqueIdentifier>
    </Filter>
    <Filter Include="05. GameObject\08. Monster">
      <UniqueIdentifier>{52191b82-4bcd-4ad4-932c-5c5ed43f9ded}</UniqueIdentifier>
    </Filter>
    <Filter Include="05. GameObject\08. Monster\00. Behavior">
      <UniqueIdentifier>{57ad35a8-1deb-41c3-b23f-f7e5dc1bc90d}</UniqueIdentifier>
    </Filter>
    <Filter Include="05. GameObject\08. Monster\00. Behavior\01. Custom">
      <UniqueIdentifier>{6efb9f9e-4644-43c6-9236-539d195f1b67}</UniqueIdentifier>
    </Filter>
    <Filter Include="05. GameObject\08. Monster\02. Golem">
      <UniqueIdentifier>{1cc5cfb9-b538-4d93-a584-f9700ef59258}</UniqueIdentifier>
    </Filter>
    <Filter Include="05. GameObject\08. Monster\02. Golem\00. Behavior">
      <UniqueIdentifier>{5a41e553-4950-448c-8108-30f8cbe524f4}</UniqueIdentifier>
    </Filter>
    <Filter Include="05. GameObject\08. Monster\02. Golem\00. Behavior\00. Custom">
      <UniqueIdentifier>{ccbf8776-626c-47de-9bec-5c86a8a0bbfd}</UniqueIdentifier>
    </Filter>
    <Filter Include="05. GameObject\08. Monster\02. Golem\00. Behavior\00. Custom\00. State">
      <UniqueIdentifier>{1f7b3589-3ffc-4f5e-b42e-43fb44dcb8d0}</UniqueIdentifier>
    </Filter>
    <Filter Include="05. GameObject\08. Monster\02. Golem\00. Behavior\00. Custom\00. State\01. Untarget">
      <UniqueIdentifier>{6334c617-94c6-4b38-8e92-ca562224a2e0}</UniqueIdentifier>
    </Filter>
    <Filter Include="05. GameObject\08. Monster\02. Golem\00. Behavior\00. Custom\00. State\02. Target">
      <UniqueIdentifier>{da410491-7049-4a6f-bff5-77ebb46f17f5}</UniqueIdentifier>
    </Filter>
    <Filter Include="05. GameObject\08. Monster\02. Golem\00. Behavior\00. Custom\00. State\03. Hit">
      <UniqueIdentifier>{21b582e8-ef9d-46e0-a6ff-4949c687c7e6}</UniqueIdentifier>
    </Filter>
    <Filter Include="05. GameObject\08. Monster\01. Brother">
      <UniqueIdentifier>{3009909c-1eaa-4f2e-87dd-69f8f3f93487}</UniqueIdentifier>
    </Filter>
    <Filter Include="05. GameObject\08. Monster\01. Brother\00. Behavior">
      <UniqueIdentifier>{4747ffa5-eba2-48e8-812b-001a9e0efb26}</UniqueIdentifier>
    </Filter>
    <Filter Include="05. GameObject\08. Monster\01. Brother\00. Behavior\00. Custom">
      <UniqueIdentifier>{18b5d739-8ca7-4443-9c6f-fb0642053916}</UniqueIdentifier>
    </Filter>
    <Filter Include="05. GameObject\08. Monster\01. Brother\00. Behavior\00. Custom\99. Unused">
      <UniqueIdentifier>{3bedfa0b-0e15-4145-90d3-cb3aef4538e7}</UniqueIdentifier>
    </Filter>
    <Filter Include="05. GameObject\08. Monster\01. Brother\00. Behavior\00. Custom\99. Unused\00. Phase">
      <UniqueIdentifier>{ceeb2e7a-d8fb-49de-ada8-1833ce3a2499}</UniqueIdentifier>
    </Filter>
    <Filter Include="05. GameObject\08. Monster\01. Brother\00. Behavior\00. Custom\99. Unused\00. Phase\00. Phase 0">
      <UniqueIdentifier>{af8394b9-592a-4522-a196-3e00f8079fd6}</UniqueIdentifier>
    </Filter>
    <Filter Include="05. GameObject\08. Monster\01. Brother\00. Behavior\00. Custom\99. Unused\00. Phase\01. Phase 1">
      <UniqueIdentifier>{427bb5f7-dd30-45e8-8b92-52134a8f5078}</UniqueIdentifier>
    </Filter>
    <Filter Include="05. GameObject\08. Monster\01. Brother\00. Behavior\00. Custom\99. Unused\00. Phase\02. Phase 2">
      <UniqueIdentifier>{cce585d0-6980-4498-9aec-8b3cd925d652}</UniqueIdentifier>
    </Filter>
    <Filter Include="05. GameObject\08. Monster\01. Brother\00. Behavior\00. Custom\99. Unused\00. Phase\03. Phase 3">
      <UniqueIdentifier>{11b709f1-ff66-42fd-ad36-bc3e8a452dec}</UniqueIdentifier>
    </Filter>
    <Filter Include="05. GameObject\08. Monster\01. Brother\00. Behavior\00. Custom\99. Unused\00. Phase\04. Phase 4">
      <UniqueIdentifier>{336fe9e5-a322-4fec-96bf-1c4d1b132d2a}</UniqueIdentifier>
    </Filter>
    <Filter Include="05. GameObject\08. Monster\01. Brother\00. Behavior\00. Custom\00. BehaviorTree">
      <UniqueIdentifier>{98a95a83-56eb-4fcb-b22c-1c7423236b59}</UniqueIdentifier>
    </Filter>
    <Filter Include="05. GameObject\08. Monster\01. Brother\00. Behavior\00. Custom\00. BehaviorTree\00. Root">
      <UniqueIdentifier>{8e827535-3d3f-4e23-bbb6-9e201d3e5808}</UniqueIdentifier>
    </Filter>
    <Filter Include="05. GameObject\08. Monster\01. Brother\00. Behavior\00. Custom\00. BehaviorTree\01. Leaf">
      <UniqueIdentifier>{b3485102-fe91-47e3-b5bf-9cd7ad6dd766}</UniqueIdentifier>
    </Filter>
    <Filter Include="05. GameObject\08. Monster\01. Brother\00. Behavior\00. Custom\00. BehaviorTree\01. Leaf\01. Move">
      <UniqueIdentifier>{323d1e2e-ad6f-4312-b2dc-7cfb1b3c8624}</UniqueIdentifier>
    </Filter>
    <Filter Include="05. GameObject\08. Monster\01. Brother\00. Behavior\00. Custom\00. BehaviorTree\01. Leaf\01. Move\01. Run">
      <UniqueIdentifier>{eb0ae561-7281-4333-8098-76c4cf2ea8a0}</UniqueIdentifier>
    </Filter>
    <Filter Include="05. GameObject\08. Monster\01. Brother\00. Behavior\00. Custom\00. BehaviorTree\01. Leaf\01. Move\02. Sprint">
      <UniqueIdentifier>{d80662c6-f032-47ff-811a-f5a6055a2749}</UniqueIdentifier>
    </Filter>
    <Filter Include="05. GameObject\08. Monster\01. Brother\00. Behavior\00. Custom\00. BehaviorTree\01. Leaf\01. Move\00. Dash">
      <UniqueIdentifier>{2ccdecbd-b2a1-42aa-a190-e44830013a3a}</UniqueIdentifier>
    </Filter>
    <Filter Include="05. GameObject\08. Monster\01. Brother\00. Behavior\00. Custom\00. BehaviorTree\01. Leaf\01. Move\00. Dash\01. Side">
      <UniqueIdentifier>{567d57ca-0b6a-487e-8f1c-41a818a3462d}</UniqueIdentifier>
    </Filter>
    <Filter Include="05. GameObject\08. Monster\01. Brother\00. Behavior\00. Custom\00. BehaviorTree\01. Leaf\01. Move\03. Hurt">
      <UniqueIdentifier>{8c959c10-b77f-4694-a2e9-dc1a00758a20}</UniqueIdentifier>
    </Filter>
    <Filter Include="05. GameObject\08. Monster\01. Brother\00. Behavior\00. Custom\00. BehaviorTree\01. Leaf\02. Attack">
      <UniqueIdentifier>{d0596f79-edcb-4b69-8735-cf0c814d3404}</UniqueIdentifier>
    </Filter>
    <Filter Include="05. GameObject\08. Monster\01. Brother\00. Behavior\00. Custom\00. BehaviorTree\01. Leaf\02. Attack\00. Smash">
      <UniqueIdentifier>{68a22f79-f0d2-4fd1-b6c3-032844a0685c}</UniqueIdentifier>
    </Filter>
    <Filter Include="05. GameObject\08. Monster\01. Brother\00. Behavior\00. Custom\00. BehaviorTree\01. Leaf\02. Attack\00. Smash\00. Lunar">
      <UniqueIdentifier>{976ba040-3ac6-429c-9f57-95a7a70af48c}</UniqueIdentifier>
    </Filter>
    <Filter Include="05. GameObject\08. Monster\01. Brother\00. Behavior\00. Custom\00. BehaviorTree\01. Leaf\02. Attack\01. SprintSmash">
      <UniqueIdentifier>{3846bed1-ce31-4fbc-bd2b-e6dbb7d06a47}</UniqueIdentifier>
    </Filter>
    <Filter Include="05. GameObject\08. Monster\01. Brother\00. Behavior\00. Custom\00. BehaviorTree\01. Leaf\02. Attack\02. Shard">
      <UniqueIdentifier>{9c22f408-5219-4d2a-84cd-d68f2c2bb440}</UniqueIdentifier>
    </Filter>
    <Filter Include="05. GameObject\08. Monster\01. Brother\00. Behavior\00. Custom\00. BehaviorTree\01. Leaf\02. Attack\02. Shard\00. Hurt">
      <UniqueIdentifier>{128377b4-87ed-4ed9-bf25-19e828a772b0}</UniqueIdentifier>
    </Filter>
    <Filter Include="05. GameObject\08. Monster\01. Brother\00. Behavior\00. Custom\00. BehaviorTree\01. Leaf\02. Attack\03. ShockWave">
      <UniqueIdentifier>{f17d01fc-d001-4580-80be-64d6183196b1}</UniqueIdentifier>
    </Filter>
    <Filter Include="05. GameObject\08. Monster\01. Brother\00. Behavior\00. Custom\00. BehaviorTree\01. Leaf\02. Attack\04. FistSlam">
      <UniqueIdentifier>{6ec07002-bac8-448b-aed1-3e6f83ce00e8}</UniqueIdentifier>
    </Filter>
    <Filter Include="05. GameObject\08. Monster\01. Brother\00. Behavior\00. Custom\00. BehaviorTree\01. Leaf\00. Event">
      <UniqueIdentifier>{6ea8f219-75b7-41e8-a314-13bac4adc43f}</UniqueIdentifier>
    </Filter>
    <Filter Include="05. GameObject\08. Monster\01. Brother\00. Behavior\00. Custom\00. BehaviorTree\01. Leaf\00. Event\01. Leap">
      <UniqueIdentifier>{8daba39f-8a15-434b-9b64-866b614cea75}</UniqueIdentifier>
    </Filter>
    <Filter Include="05. GameObject\08. Monster\01. Brother\00. Behavior\00. Custom\00. BehaviorTree\01. Leaf\00. Event\01. Leap\00. Begin">
      <UniqueIdentifier>{40196f20-ed1e-43c4-8330-dfb73e489fdd}</UniqueIdentifier>
    </Filter>
    <Filter Include="05. GameObject\08. Monster\01. Brother\00. Behavior\00. Custom\00. BehaviorTree\01. Leaf\00. Event\01. Leap\01. End">
      <UniqueIdentifier>{428d0c6f-aedc-4a7d-9814-7f0ad3d5d492}</UniqueIdentifier>
    </Filter>
    <Filter Include="05. GameObject\08. Monster\01. Brother\00. Behavior\00. Custom\00. BehaviorTree\01. Leaf\00. Event\00. Idle">
      <UniqueIdentifier>{97c526e9-910e-4ab6-a6d5-1e20b49815b9}</UniqueIdentifier>
    </Filter>
    <Filter Include="05. GameObject\08. Monster\01. Brother\00. Behavior\00. Custom\00. BehaviorTree\01. Leaf\00. Event\00. Idle\00. Hurt">
      <UniqueIdentifier>{afe246fb-fb3e-4b3c-bba2-e1a0bc2c0ab1}</UniqueIdentifier>
    </Filter>
    <Filter Include="05. GameObject\08. Monster\01. Brother\00. Behavior\00. Custom\00. BehaviorTree\01. Leaf\00. Event\02. SpellChannel">
      <UniqueIdentifier>{8be51865-4982-4107-989c-868a35f19cd8}</UniqueIdentifier>
    </Filter>
    <Filter Include="05. GameObject\08. Monster\01. Brother\00. Behavior\00. Custom\00. BehaviorTree\01. Leaf\00. Event\03. Stagger">
      <UniqueIdentifier>{b8dc22bc-529a-4f76-b9f8-83ac566ba117}</UniqueIdentifier>
    </Filter>
    <Filter Include="05. GameObject\08. Monster\01. Brother\00. Behavior\00. Custom\00. BehaviorTree\02. Decorator">
      <UniqueIdentifier>{27e639a5-65a5-45bf-b9cf-b5627107e9c9}</UniqueIdentifier>
    </Filter>
    <Filter Include="05. GameObject\08. Monster\01. Brother\00. Behavior\00. Custom\00. BehaviorTree\02. Decorator\00. Repeat">
      <UniqueIdentifier>{dac8f8a0-39e4-4f66-b33e-d3676cdb1a6d}</UniqueIdentifier>
    </Filter>
    <Filter Include="05. GameObject\08. Monster\01. Brother\00. Behavior\00. Custom\00. BehaviorTree\02. Decorator\02. Range">
      <UniqueIdentifier>{9989ab40-ffe1-45a8-a8bc-62a7cf0c34a5}</UniqueIdentifier>
    </Filter>
    <Filter Include="05. GameObject\08. Monster\01. Brother\00. Behavior\00. Custom\00. BehaviorTree\02. Decorator\01. Delay">
      <UniqueIdentifier>{c0e0e9a3-30db-48d6-8bb1-2b7f19066229}</UniqueIdentifier>
    </Filter>
    <Filter Include="05. GameObject\08. Monster\01. Brother\00. Behavior\00. Custom\00. BehaviorTree\02. Decorator\03. Skill">
      <UniqueIdentifier>{ce5d9f27-35df-4a86-8e5c-d0108b826377}</UniqueIdentifier>
    </Filter>
    <Filter Include="05. GameObject\08. Monster\01. Brother\00. Behavior\00. Custom\00. BehaviorTree\03. Composite">
      <UniqueIdentifier>{552b4d5f-b311-44fe-a6af-21924c16ba4b}</UniqueIdentifier>
    </Filter>
    <Filter Include="05. GameObject\08. Monster\01. Brother\00. Behavior\00. Custom\00. BehaviorTree\03. Composite\00. Parallel">
      <UniqueIdentifier>{65fbb604-632d-4468-b37f-ccae12cfee30}</UniqueIdentifier>
    </Filter>
    <Filter Include="05. GameObject\08. Monster\01. Brother\00. Behavior\00. Custom\00. BehaviorTree\03. Composite\00. Parallel\00. Skill">
      <UniqueIdentifier>{991b8076-f87b-437c-ab08-30eec9a5c522}</UniqueIdentifier>
    </Filter>
    <Filter Include="05. GameObject\08. Monster\01. Brother\00. Behavior\00. Custom\00. BehaviorTree\03. Composite\00. Parallel\00. Skill\00. Element">
      <UniqueIdentifier>{6ee699e8-36e5-4c4f-85a3-eb07510c55c3}</UniqueIdentifier>
    </Filter>
    <Filter Include="05. GameObject\08. Monster\01. Brother\00. Behavior\00. Custom\00. BehaviorTree\03. Composite\00. Parallel\00. Skill\00. Element\01. PrimaryShard">
      <UniqueIdentifier>{8de7d04a-9935-4d6a-b570-ce704ff1c49e}</UniqueIdentifier>
    </Filter>
    <Filter Include="05. GameObject\08. Monster\01. Brother\00. Behavior\00. Custom\00. BehaviorTree\03. Composite\00. Parallel\00. Skill\00. Element\01. PrimaryShard\00. Hurt">
      <UniqueIdentifier>{306b76f7-e75c-49a5-a568-82e4ef1144bd}</UniqueIdentifier>
    </Filter>
    <Filter Include="05. GameObject\08. Monster\01. Brother\00. Behavior\00. Custom\00. BehaviorTree\03. Composite\02. Selector">
      <UniqueIdentifier>{f876e41d-5664-46ad-915f-a9ce59b9151e}</UniqueIdentifier>
    </Filter>
    <Filter Include="05. GameObject\08. Monster\01. Brother\00. Behavior\00. Custom\00. BehaviorTree\03. Composite\02. Selector\00. Phase">
      <UniqueIdentifier>{833f1ff5-c242-45be-b439-e887f6557539}</UniqueIdentifier>
    </Filter>
    <Filter Include="05. GameObject\08. Monster\01. Brother\00. Behavior\00. Custom\00. BehaviorTree\03. Composite\02. Selector\00. Phase\01. Phase1">
      <UniqueIdentifier>{bcc65e50-25c8-4a05-9191-4523cdf9d6ed}</UniqueIdentifier>
    </Filter>
    <Filter Include="05. GameObject\08. Monster\01. Brother\00. Behavior\00. Custom\00. BehaviorTree\03. Composite\02. Selector\00. Phase\02. Phase2">
      <UniqueIdentifier>{ab161058-e6c7-437f-99a7-668d5542d676}</UniqueIdentifier>
    </Filter>
    <Filter Include="05. GameObject\08. Monster\01. Brother\00. Behavior\00. Custom\00. BehaviorTree\03. Composite\02. Selector\00. Phase\03. Phase3">
      <UniqueIdentifier>{96750205-82e7-4353-be81-ea7e67609acc}</UniqueIdentifier>
    </Filter>
    <Filter Include="05. GameObject\08. Monster\01. Brother\00. Behavior\00. Custom\00. BehaviorTree\03. Composite\02. Selector\00. Phase\04. Phase4">
      <UniqueIdentifier>{e62beb8e-6ba9-4efe-bd03-24dc3f1470a5}</UniqueIdentifier>
    </Filter>
    <Filter Include="05. GameObject\08. Monster\01. Brother\00. Behavior\00. Custom\00. BehaviorTree\03. Composite\02. Selector\01. Skill">
      <UniqueIdentifier>{6bd64009-612d-4da2-9752-36f6d987c92f}</UniqueIdentifier>
    </Filter>
    <Filter Include="05. GameObject\08. Monster\01. Brother\00. Behavior\00. Custom\00. BehaviorTree\03. Composite\02. Selector\01. Skill\01. Primary">
      <UniqueIdentifier>{b95c36b5-d5c2-41dc-aeb2-0ec14557a214}</UniqueIdentifier>
    </Filter>
    <Filter Include="05. GameObject\08. Monster\01. Brother\00. Behavior\00. Custom\00. BehaviorTree\03. Composite\02. Selector\01. Skill\01. Primary\00. Lunar">
      <UniqueIdentifier>{cea356e2-c70d-49da-b51c-de22701cf4bc}</UniqueIdentifier>
    </Filter>
    <Filter Include="05. GameObject\08. Monster\01. Brother\00. Behavior\00. Custom\00. BehaviorTree\03. Composite\02. Selector\01. Skill\00. Element">
      <UniqueIdentifier>{afb0c6f3-6a6c-4c23-bbc3-c97c64f32e50}</UniqueIdentifier>
    </Filter>
    <Filter Include="05. GameObject\08. Monster\01. Brother\00. Behavior\00. Custom\00. BehaviorTree\03. Composite\02. Selector\01. Skill\00. Element\01. PrimaryMelee">
      <UniqueIdentifier>{6185cb01-77ac-439a-a973-01a609b39870}</UniqueIdentifier>
    </Filter>
    <Filter Include="05. GameObject\08. Monster\01. Brother\00. Behavior\00. Custom\00. BehaviorTree\03. Composite\02. Selector\01. Skill\00. Element\01. PrimaryMelee\00. Lunar">
      <UniqueIdentifier>{ef142a24-38f9-4f7f-9107-a7dde7973bcf}</UniqueIdentifier>
    </Filter>
    <Filter Include="05. GameObject\08. Monster\01. Brother\00. Behavior\00. Custom\00. BehaviorTree\03. Composite\02. Selector\01. Skill\02. Secondary">
      <UniqueIdentifier>{6ae1a5fb-2c30-4cd5-a298-f5523b5e83af}</UniqueIdentifier>
    </Filter>
    <Filter Include="05. GameObject\08. Monster\01. Brother\00. Behavior\00. Custom\00. BehaviorTree\03. Composite\02. Selector\01. Skill\03. Special">
      <UniqueIdentifier>{4469e7d9-53cb-4e9c-8131-42e5c75cefaa}</UniqueIdentifier>
    </Filter>
    <Filter Include="05. GameObject\08. Monster\01. Brother\00. Behavior\00. Custom\00. BehaviorTree\03. Composite\02. Selector\01. Skill\03. Special\00. Lunar">
      <UniqueIdentifier>{9f47823f-89e0-4380-9fee-935d716244d5}</UniqueIdentifier>
    </Filter>
    <Filter Include="05. GameObject\08. Monster\01. Brother\00. Behavior\00. Custom\00. BehaviorTree\03. Composite\01. Sequence">
      <UniqueIdentifier>{bfecfcd3-8c7c-4857-8dc6-05777b02f882}</UniqueIdentifier>
    </Filter>
    <Filter Include="05. GameObject\08. Monster\01. Brother\00. Behavior\00. Custom\00. BehaviorTree\03. Composite\01. Sequence\01. Element">
      <UniqueIdentifier>{7b81cb79-70b8-415a-8895-98113e29f360}</UniqueIdentifier>
    </Filter>
    <Filter Include="05. GameObject\08. Monster\01. Brother\00. Behavior\00. Custom\00. BehaviorTree\03. Composite\01. Sequence\01. Element\00. Enter">
      <UniqueIdentifier>{5b8c2963-fa87-4c51-bf1c-cc3f03a1ef49}</UniqueIdentifier>
    </Filter>
    <Filter Include="05. GameObject\08. Monster\01. Brother\00. Behavior\00. Custom\00. BehaviorTree\03. Composite\01. Sequence\01. Element\01. DashSmash">
      <UniqueIdentifier>{6ea6ad20-2ea0-4484-a20d-e7b08db304d5}</UniqueIdentifier>
    </Filter>
    <Filter Include="05. GameObject\08. Monster\01. Brother\00. Behavior\00. Custom\00. BehaviorTree\03. Composite\01. Sequence\01. Element\01. DashSmash\00. Lunar">
      <UniqueIdentifier>{94040a39-3be9-4dfd-91e2-8bfb5ae68fa8}</UniqueIdentifier>
    </Filter>
    <Filter Include="05. GameObject\08. Monster\01. Brother\00. Behavior\00. Custom\00. BehaviorTree\03. Composite\01. Sequence\01. Element\02. DashSprintSmash">
      <UniqueIdentifier>{aca826ca-03ab-4501-97a7-d79e68e427dc}</UniqueIdentifier>
    </Filter>
    <Filter Include="05. GameObject\08. Monster\01. Brother\00. Behavior\00. Custom\00. BehaviorTree\03. Composite\01. Sequence\00. Skill">
      <UniqueIdentifier>{32e5117d-9d91-4af1-8793-447bda1c1f1a}</UniqueIdentifier>
    </Filter>
    <Filter Include="05. GameObject\08. Monster\01. Brother\00. Behavior\00. Custom\00. BehaviorTree\03. Composite\01. Sequence\00. Skill\00. Special">
      <UniqueIdentifier>{9569a8e7-db18-44a3-b984-c5729d7151b2}</UniqueIdentifier>
    </Filter>
    <Filter Include="05. GameObject\09. Effect">
      <UniqueIdentifier>{fca6c961-5b1d-4a9a-b1ea-a67a50935ca8}</UniqueIdentifier>
    </Filter>
    <Filter Include="05. GameObject\09. Effect\00. Instance">
      <UniqueIdentifier>{28ac89b1-9a18-406b-bc41-80f3bd91b470}</UniqueIdentifier>
    </Filter>
    <Filter Include="05. GameObject\09. Effect\00. Instance\00. Demo">
      <UniqueIdentifier>{3120b4d8-5a98-4f75-acba-9ccf0db22cfb}</UniqueIdentifier>
    </Filter>
    <Filter Include="05. GameObject\09. Effect\00. Instance\00. Demo\00. Point">
      <UniqueIdentifier>{b5cc5104-40a6-44fa-b3ea-2bccfb078093}</UniqueIdentifier>
    </Filter>
    <Filter Include="05. GameObject\09. Effect\00. Instance\00. Demo\01. Rect">
      <UniqueIdentifier>{010207de-b814-4028-9c48-8633b91ed38b}</UniqueIdentifier>
    </Filter>
    <Filter Include="05. GameObject\09. Effect\00. Instance\01. Trail">
      <UniqueIdentifier>{303314ed-0b67-4979-b58b-326dfef10f79}</UniqueIdentifier>
    </Filter>
    <Filter Include="05. GameObject\09. Effect\00. Instance\01. Trail\01. Line">
      <UniqueIdentifier>{bb21f518-3278-42b5-80ea-60a75e04bc57}</UniqueIdentifier>
    </Filter>
    <Filter Include="05. GameObject\09. Effect\00. Instance\01. Trail\02. Quad">
      <UniqueIdentifier>{5b8d20f1-49ae-4f07-a17c-e3647cb8bd7c}</UniqueIdentifier>
    </Filter>
    <Filter Include="05. GameObject\09. Effect\00. Instance\02. Particle">
      <UniqueIdentifier>{7999b3db-a449-49ea-b62a-068edbfb2302}</UniqueIdentifier>
    </Filter>
    <Filter Include="05. GameObject\09. Effect\00. Instance\02. Particle\00. Mesh">
      <UniqueIdentifier>{a4153c3c-1240-4aa0-8fb8-a0097fead7d0}</UniqueIdentifier>
    </Filter>
    <Filter Include="05. GameObject\09. Effect\00. Instance\02. Particle\02. Quad">
      <UniqueIdentifier>{7bde3513-c644-45a7-aca5-76800e0e6639}</UniqueIdentifier>
    </Filter>
    <Filter Include="05. GameObject\09. Effect\00. Instance\02. Particle\03. Rect">
      <UniqueIdentifier>{b8b26227-74a7-4734-b8bf-c57cf564f32a}</UniqueIdentifier>
    </Filter>
    <Filter Include="05. GameObject\06. Interactable">
      <UniqueIdentifier>{80b0525c-e4b6-44e4-888c-5f0f42865025}</UniqueIdentifier>
    </Filter>
    <Filter Include="05. GameObject\06. Interactable\00. Teleporter">
      <UniqueIdentifier>{415dc0ad-84a3-4810-af2f-85a571c210fc}</UniqueIdentifier>
    </Filter>
    <Filter Include="05. GameObject\08. Monster\01. Brother\01. Bullet">
      <UniqueIdentifier>{ccdffdab-8a3b-4d47-afb6-f33e9f1d8426}</UniqueIdentifier>
    </Filter>
    <Filter Include="05. GameObject\08. Monster\01. Brother\01. Bullet\00. Shard">
      <UniqueIdentifier>{8c27ab70-1aac-4bc3-869d-102bd1d63faa}</UniqueIdentifier>
    </Filter>
    <Filter Include="05. GameObject\08. Monster\03. LunarGolem">
      <UniqueIdentifier>{ddea43b4-051e-4c85-9321-6121283a862a}</UniqueIdentifier>
    </Filter>
    <Filter Include="05. GameObject\08. Monster\04. LunarExploder">
      <UniqueIdentifier>{419b3ab9-0f84-417d-96b4-5613b0cb6a9c}</UniqueIdentifier>
    </Filter>
    <Filter Include="05. GameObject\08. Monster\04. LunarExploder\00. Behavior">
      <UniqueIdentifier>{779337a4-df6a-448f-bdc4-700f68df1108}</UniqueIdentifier>
    </Filter>
    <Filter Include="05. GameObject\08. Monster\04. LunarExploder\00. Behavior\00. Custom">
      <UniqueIdentifier>{f441b583-34bc-4369-bb0c-e05584309604}</UniqueIdentifier>
    </Filter>
    <Filter Include="05. GameObject\08. Monster\04. LunarExploder\00. Behavior\00. Custom\00. BehaviorTree">
      <UniqueIdentifier>{a727f9e1-1e15-48fb-a6b5-15fd39982c73}</UniqueIdentifier>
    </Filter>
    <Filter Include="05. GameObject\08. Monster\04. LunarExploder\00. Behavior\00. Custom\00. BehaviorTree\00. Root">
      <UniqueIdentifier>{5f08709b-433c-498b-94a5-6269e030d96f}</UniqueIdentifier>
    </Filter>
    <Filter Include="05. GameObject\08. Monster\04. LunarExploder\00. Behavior\00. Custom\00. BehaviorTree\01. Leaf">
      <UniqueIdentifier>{af84e43e-b94c-4e60-ae8b-b3f723ad3b96}</UniqueIdentifier>
    </Filter>
    <Filter Include="05. GameObject\08. Monster\04. LunarExploder\00. Behavior\00. Custom\00. BehaviorTree\02. Decorator">
      <UniqueIdentifier>{9b94a2dc-7e98-439e-9635-323c59a94ab3}</UniqueIdentifier>
    </Filter>
    <Filter Include="05. GameObject\08. Monster\04. LunarExploder\00. Behavior\00. Custom\00. BehaviorTree\02. Decorator\00. Repeat">
      <UniqueIdentifier>{1c066d2b-afa0-4429-9a22-ef434cb30e2d}</UniqueIdentifier>
    </Filter>
    <Filter Include="05. GameObject\08. Monster\04. LunarExploder\00. Behavior\00. Custom\00. BehaviorTree\02. Decorator\01. Delay">
      <UniqueIdentifier>{b05e87ad-4541-497c-a97f-a0e277fec4e5}</UniqueIdentifier>
    </Filter>
    <Filter Include="05. GameObject\08. Monster\04. LunarExploder\00. Behavior\00. Custom\00. BehaviorTree\02. Decorator\02. Range">
      <UniqueIdentifier>{7a556e63-4d79-47aa-8644-e4ecb3e2ba5c}</UniqueIdentifier>
    </Filter>
    <Filter Include="05. GameObject\08. Monster\04. LunarExploder\00. Behavior\00. Custom\00. BehaviorTree\02. Decorator\03. Skill">
      <UniqueIdentifier>{8d54c891-2aaf-444e-b49a-71cfb1223062}</UniqueIdentifier>
    </Filter>
    <Filter Include="05. GameObject\08. Monster\04. LunarExploder\00. Behavior\00. Custom\00. BehaviorTree\01. Leaf\00. Event">
      <UniqueIdentifier>{8a28f9ec-4dc5-426a-a1f8-a0d84f6ee4b6}</UniqueIdentifier>
    </Filter>
    <Filter Include="05. GameObject\08. Monster\04. LunarExploder\00. Behavior\00. Custom\00. BehaviorTree\01. Leaf\01. Move">
      <UniqueIdentifier>{fc944253-8c3c-4814-b06f-9147c36c06fa}</UniqueIdentifier>
    </Filter>
    <Filter Include="05. GameObject\08. Monster\04. LunarExploder\00. Behavior\00. Custom\00. BehaviorTree\01. Leaf\02. Attack">
      <UniqueIdentifier>{a785b1e4-bf04-4493-a36c-f4d21230fb44}</UniqueIdentifier>
    </Filter>
    <Filter Include="05. GameObject\08. Monster\04. LunarExploder\00. Behavior\00. Custom\00. BehaviorTree\01. Leaf\00. Event\00. Idle">
      <UniqueIdentifier>{4303bce2-5bab-4b80-801e-6dec7abaf786}</UniqueIdentifier>
    </Filter>
    <Filter Include="05. GameObject\08. Monster\04. LunarExploder\00. Behavior\00. Custom\00. BehaviorTree\01. Leaf\00. Event\01. Spawn">
      <UniqueIdentifier>{6746bad7-f94d-40b0-9ab4-d61ed761a6f2}</UniqueIdentifier>
    </Filter>
    <Filter Include="05. GameObject\08. Monster\04. LunarExploder\00. Behavior\00. Custom\00. BehaviorTree\01. Leaf\00. Event\02. Death">
      <UniqueIdentifier>{a3c1b967-c938-4e49-9510-ff7e12204c27}</UniqueIdentifier>
    </Filter>
    <Filter Include="05. GameObject\08. Monster\04. LunarExploder\00. Behavior\00. Custom\00. BehaviorTree\01. Leaf\01. Move\00. Run">
      <UniqueIdentifier>{785ec152-8405-480d-b02b-8a58c2e376cd}</UniqueIdentifier>
    </Filter>
    <Filter Include="05. GameObject\08. Monster\04. LunarExploder\00. Behavior\00. Custom\00. BehaviorTree\01. Leaf\01. Move\01. Sprint">
      <UniqueIdentifier>{1dc2f3e7-4308-4ce5-a896-0174d0228d0d}</UniqueIdentifier>
    </Filter>
    <Filter Include="05. GameObject\08. Monster\04. LunarExploder\00. Behavior\00. Custom\00. BehaviorTree\03. Composite">
      <UniqueIdentifier>{ac9ee74f-c038-4d73-82bf-2dce7017781b}</UniqueIdentifier>
    </Filter>
    <Filter Include="05. GameObject\08. Monster\04. LunarExploder\00. Behavior\00. Custom\00. BehaviorTree\03. Composite\00. Parallel">
      <UniqueIdentifier>{75806729-e75b-4d38-8a5b-8b64e5269d99}</UniqueIdentifier>
    </Filter>
    <Filter Include="05. GameObject\08. Monster\04. LunarExploder\00. Behavior\00. Custom\00. BehaviorTree\03. Composite\01. Sequence">
      <UniqueIdentifier>{b2fef260-68ce-41dd-9fe8-034dd411bc1f}</UniqueIdentifier>
    </Filter>
    <Filter Include="05. GameObject\08. Monster\04. LunarExploder\00. Behavior\00. Custom\00. BehaviorTree\03. Composite\02. Selector">
      <UniqueIdentifier>{89518013-e02b-4dd8-8d36-4d0a530a2bdb}</UniqueIdentifier>
    </Filter>
    <Filter Include="05. GameObject\08. Monster\04. LunarExploder\00. Behavior\00. Custom\00. BehaviorTree\03. Composite\02. Selector\00. Main">
      <UniqueIdentifier>{0aedcd08-9da2-4143-835b-4e14387e624e}</UniqueIdentifier>
    </Filter>
    <Filter Include="05. GameObject\08. Monster\03. LunarGolem\00. Behavior">
      <UniqueIdentifier>{45ae6c4c-4900-4e8f-862a-1ed96f5e9ec5}</UniqueIdentifier>
    </Filter>
    <Filter Include="05. GameObject\08. Monster\03. LunarGolem\00. Behavior\00. Custom">
      <UniqueIdentifier>{9460a9ca-550a-4941-bb93-1e58474708b5}</UniqueIdentifier>
    </Filter>
    <Filter Include="05. GameObject\08. Monster\03. LunarGolem\00. Behavior\00. Custom\00. BehaviorTree">
      <UniqueIdentifier>{bdbf5ae3-44bb-4c01-8f59-b5154448c462}</UniqueIdentifier>
    </Filter>
    <Filter Include="05. GameObject\08. Monster\03. LunarGolem\00. Behavior\00. Custom\00. BehaviorTree\00. Root">
      <UniqueIdentifier>{d7cf9110-321f-43de-9a3a-dd2e128ce8ba}</UniqueIdentifier>
    </Filter>
    <Filter Include="05. GameObject\08. Monster\03. LunarGolem\00. Behavior\00. Custom\00. BehaviorTree\01. Leaf">
      <UniqueIdentifier>{d5bf564e-adb2-42d2-be90-12e1484efcc5}</UniqueIdentifier>
    </Filter>
    <Filter Include="05. GameObject\08. Monster\03. LunarGolem\00. Behavior\00. Custom\00. BehaviorTree\02. Decorator">
      <UniqueIdentifier>{2eb122ff-d203-48d7-ba37-5df40a901e9c}</UniqueIdentifier>
    </Filter>
    <Filter Include="05. GameObject\08. Monster\03. LunarGolem\00. Behavior\00. Custom\00. BehaviorTree\03. Composite">
      <UniqueIdentifier>{2ed3ce2b-eb80-453a-bf49-779637bbc121}</UniqueIdentifier>
    </Filter>
    <Filter Include="05. GameObject\08. Monster\03. LunarGolem\00. Behavior\00. Custom\00. BehaviorTree\03. Composite\00. Parallel">
      <UniqueIdentifier>{17d51b32-fd07-4fc6-bdc4-e4a6d1e8b415}</UniqueIdentifier>
    </Filter>
    <Filter Include="05. GameObject\08. Monster\03. LunarGolem\00. Behavior\00. Custom\00. BehaviorTree\03. Composite\01. Sequence">
      <UniqueIdentifier>{53f4e4ec-8b45-4323-9d5a-6f0a0286cf3b}</UniqueIdentifier>
    </Filter>
    <Filter Include="05. GameObject\08. Monster\03. LunarGolem\00. Behavior\00. Custom\00. BehaviorTree\03. Composite\02. Selector">
      <UniqueIdentifier>{f65a9c46-900a-4f9a-9e1e-bfeb4441b61e}</UniqueIdentifier>
    </Filter>
    <Filter Include="05. GameObject\08. Monster\03. LunarGolem\00. Behavior\00. Custom\00. BehaviorTree\03. Composite\02. Selector\00. Main">
      <UniqueIdentifier>{bc9fb369-2b02-4d92-8569-c8009e9df4d2}</UniqueIdentifier>
    </Filter>
    <Filter Include="05. GameObject\08. Monster\03. LunarGolem\00. Behavior\00. Custom\00. BehaviorTree\02. Decorator\00. Repeat">
      <UniqueIdentifier>{5b885b0d-beba-4b5f-82af-5e5299a065e1}</UniqueIdentifier>
    </Filter>
    <Filter Include="05. GameObject\08. Monster\03. LunarGolem\00. Behavior\00. Custom\00. BehaviorTree\02. Decorator\01. Delay">
      <UniqueIdentifier>{8ac6a38a-9fa6-4d21-b5a3-beab96d8fdb3}</UniqueIdentifier>
    </Filter>
    <Filter Include="05. GameObject\08. Monster\03. LunarGolem\00. Behavior\00. Custom\00. BehaviorTree\02. Decorator\02. Range">
      <UniqueIdentifier>{037d0b00-2f13-4815-98d1-064af04fc439}</UniqueIdentifier>
    </Filter>
    <Filter Include="05. GameObject\08. Monster\03. LunarGolem\00. Behavior\00. Custom\00. BehaviorTree\02. Decorator\03. Skill">
      <UniqueIdentifier>{7f41f754-6653-4e1b-96be-3e40eac27f17}</UniqueIdentifier>
    </Filter>
    <Filter Include="05. GameObject\08. Monster\03. LunarGolem\00. Behavior\00. Custom\00. BehaviorTree\01. Leaf\00. Event">
      <UniqueIdentifier>{b23d1842-dbf3-46d1-92c3-087c2992e896}</UniqueIdentifier>
    </Filter>
    <Filter Include="05. GameObject\08. Monster\03. LunarGolem\00. Behavior\00. Custom\00. BehaviorTree\01. Leaf\01. Move">
      <UniqueIdentifier>{5050f6ce-06b8-4f38-967a-dc8a4812569f}</UniqueIdentifier>
    </Filter>
    <Filter Include="05. GameObject\08. Monster\03. LunarGolem\00. Behavior\00. Custom\00. BehaviorTree\01. Leaf\02. Attack">
      <UniqueIdentifier>{1537cfcf-4ebe-4642-8128-266081a597bc}</UniqueIdentifier>
    </Filter>
    <Filter Include="05. GameObject\08. Monster\03. LunarGolem\00. Behavior\00. Custom\00. BehaviorTree\01. Leaf\00. Event\00. Idle">
      <UniqueIdentifier>{ea3f5575-bbe6-44e3-aa34-4e8ffc49076f}</UniqueIdentifier>
    </Filter>
    <Filter Include="05. GameObject\08. Monster\03. LunarGolem\00. Behavior\00. Custom\00. BehaviorTree\01. Leaf\01. Move\01. Sprint">
      <UniqueIdentifier>{8ce47a1a-a304-4df2-8f8e-1a0080b705ce}</UniqueIdentifier>
    </Filter>
    <Filter Include="05. GameObject\08. Monster\03. LunarGolem\00. Behavior\00. Custom\00. BehaviorTree\01. Leaf\01. Move\00. Walk">
      <UniqueIdentifier>{758a2df1-af10-45ae-a236-e6a89e206c0b}</UniqueIdentifier>
    </Filter>
    <Filter Include="05. GameObject\08. Monster\03. LunarGolem\00. Behavior\00. Custom\00. BehaviorTree\01. Leaf\02. Attack\00. TwinShot">
      <UniqueIdentifier>{b8abb3d7-e1d3-47dd-9337-6fc6b1cff49d}</UniqueIdentifier>
    </Filter>
    <Filter Include="05. GameObject\08. Monster\03. LunarGolem\00. Behavior\00. Custom\00. BehaviorTree\03. Composite\01. Sequence\00. SprintShot">
      <UniqueIdentifier>{09a9f48a-8399-43ac-ba42-408b48d685d9}</UniqueIdentifier>
    </Filter>
    <Filter Include="05. GameObject\08. Monster\03. LunarGolem\00. Behavior\00. Custom\00. BehaviorTree\03. Composite\00. Parallel\00. WalkShot">
      <UniqueIdentifier>{ce389e16-b7b9-4897-b291-b01c3e102d19}</UniqueIdentifier>
    </Filter>
    <Filter Include="05. GameObject\08. Monster\03. LunarGolem\00. Behavior\00. Custom\00. BehaviorTree\01. Leaf\00. Event\01. Leap">
      <UniqueIdentifier>{bd86d058-a2d2-49cf-b1ce-1a7f21c2c272}</UniqueIdentifier>
    </Filter>
    <Filter Include="05. GameObject\08. Monster\03. LunarGolem\00. Behavior\00. Custom\00. BehaviorTree\01. Leaf\00. Event\02. Death">
      <UniqueIdentifier>{810e1c8e-708f-4d64-a5e3-4920a1d2110d}</UniqueIdentifier>
    </Filter>
    <Filter Include="05. GameObject\08. Monster\03. LunarGolem\00. Behavior\00. Custom\00. BehaviorTree\01. Leaf\00. Event\01. Leap\01. Begin">
      <UniqueIdentifier>{7d357877-4f5f-470a-866a-d63d1a593945}</UniqueIdentifier>
    </Filter>
    <Filter Include="05. GameObject\08. Monster\03. LunarGolem\00. Behavior\00. Custom\00. BehaviorTree\01. Leaf\00. Event\01. Leap\02. End">
      <UniqueIdentifier>{9302fca7-2ee4-4571-be31-15ef1892c6a7}</UniqueIdentifier>
    </Filter>
    <Filter Include="05. GameObject\08. Monster\01. Brother\02. UI">
      <UniqueIdentifier>{22248975-c75c-4bd6-b1e6-6a0a03d6e3ec}</UniqueIdentifier>
    </Filter>
    <Filter Include="05. GameObject\08. Monster\01. Brother\02. UI\00. HealthBar">
      <UniqueIdentifier>{a32460fa-cffb-44c5-a92d-bb95d437d38f}</UniqueIdentifier>
    </Filter>
    <Filter Include="05. GameObject\08. Monster\01. Brother\00. Behavior\00. Custom\00. BehaviorTree\01. Leaf\00. Event\04. Death">
      <UniqueIdentifier>{415473bb-3359-4724-9b72-f277fe8dabf2}</UniqueIdentifier>
    </Filter>
  </ItemGroup>
  <ItemGroup>
    <ClInclude Include="Default\Client.h">
      <Filter>01. Default\00. Header</Filter>
    </ClInclude>
    <ClInclude Include="Default\framework.h">
      <Filter>01. Default\00. Header</Filter>
    </ClInclude>
    <ClInclude Include="Default\Resource.h">
      <Filter>01. Default\00. Header</Filter>
    </ClInclude>
    <ClInclude Include="Default\targetver.h">
      <Filter>01. Default\00. Header</Filter>
    </ClInclude>
    <ClInclude Include="Public\Client_Define.h">
      <Filter>00. Header</Filter>
    </ClInclude>
    <ClInclude Include="Public\MainApp.h">
      <Filter>02. MainApp</Filter>
    </ClInclude>
    <ClInclude Include="Public\ClientPCH.h">
      <Filter>00. Header\00. PCH</Filter>
    </ClInclude>
    <ClInclude Include="Public\Loader_Menu.h">
      <Filter>04. Scene\01. Menu</Filter>
    </ClInclude>
    <ClInclude Include="Public\Loader_Test.h">
      <Filter>04. Scene\03. Test</Filter>
    </ClInclude>
    <ClInclude Include="Public\Loader.h">
      <Filter>04. Scene\00. Load\00. Loader</Filter>
    </ClInclude>
    <ClInclude Include="Public\Scene_Load.h">
      <Filter>04. Scene\00. Load</Filter>
    </ClInclude>
    <ClInclude Include="Public\Scene_Test.h">
      <Filter>04. Scene\03. Test</Filter>
    </ClInclude>
    <ClInclude Include="Public\Scene_Menu.h">
      <Filter>04. Scene\01. Menu</Filter>
    </ClInclude>
    <ClInclude Include="Public\Client_Enum.h">
      <Filter>00. Header</Filter>
    </ClInclude>
    <ClInclude Include="Public\Background.h">
      <Filter>05. GameObject\01. Demo\01. Background</Filter>
    </ClInclude>
    <ClInclude Include="Public\Camera_Main.h">
      <Filter>05. GameObject\03. Camera\00. MainCamera</Filter>
    </ClInclude>
    <ClInclude Include="Public\Client_Variable.h">
      <Filter>00. Header</Filter>
    </ClInclude>
    <ClInclude Include="Public\Thread_Loader.h">
      <Filter>04. Scene\00. Load\00. Loader</Filter>
    </ClInclude>
    <ClInclude Include="Public\Terrain.h">
      <Filter>05. GameObject\01. Demo\02. Terrain</Filter>
    </ClInclude>
    <ClInclude Include="..\Reference\Header\ImGui\imconfig.h">
      <Filter>03. Tool\01. ImGui\01. Header</Filter>
    </ClInclude>
    <ClInclude Include="..\Reference\Header\ImGui\imgui.h">
      <Filter>03. Tool\01. ImGui\01. Header</Filter>
    </ClInclude>
    <ClInclude Include="..\Reference\Header\ImGui\imgui_impl_dx11.h">
      <Filter>03. Tool\01. ImGui\01. Header</Filter>
    </ClInclude>
    <ClInclude Include="..\Reference\Header\ImGui\imgui_impl_win32.h">
      <Filter>03. Tool\01. ImGui\01. Header</Filter>
    </ClInclude>
    <ClInclude Include="..\Reference\Header\ImGui\imgui_internal.h">
      <Filter>03. Tool\01. ImGui\01. Header</Filter>
    </ClInclude>
    <ClInclude Include="..\Reference\Header\ImGui\imstb_rectpack.h">
      <Filter>03. Tool\01. ImGui\01. Header</Filter>
    </ClInclude>
    <ClInclude Include="..\Reference\Header\ImGui\imstb_textedit.h">
      <Filter>03. Tool\01. ImGui\01. Header</Filter>
    </ClInclude>
    <ClInclude Include="..\Reference\Header\ImGui\imstb_truetype.h">
      <Filter>03. Tool\01. ImGui\01. Header</Filter>
    </ClInclude>
    <ClInclude Include="Public\ImGui_Manager.h">
      <Filter>03. Tool\00. Manager</Filter>
    </ClInclude>
    <ClInclude Include="Public\GolemPlains.h">
      <Filter>05. GameObject\05. Terrain\01. GolemPlains</Filter>
    </ClInclude>
    <ClInclude Include="..\Reference\Header\ImGuiFileDialog\ImGuiFileDialog.h">
      <Filter>03. Tool\03. ImGuiFileDialog\01. Header</Filter>
    </ClInclude>
    <ClInclude Include="..\Reference\Header\ImGuiFileDialog\ImGuiFileDialogConfig.h">
      <Filter>03. Tool\03. ImGuiFileDialog\01. Header</Filter>
    </ClInclude>
    <ClInclude Include="Public\Tool_Define.h">
      <Filter>00. Header\03. Tool</Filter>
    </ClInclude>
    <ClInclude Include="..\Reference\Header\ImGuizmo\GraphEditor.h">
      <Filter>03. Tool\02. ImGuizmo\01. Header</Filter>
    </ClInclude>
    <ClInclude Include="..\Reference\Header\ImGuizmo\ImCurveEdit.h">
      <Filter>03. Tool\02. ImGuizmo\01. Header</Filter>
    </ClInclude>
    <ClInclude Include="..\Reference\Header\ImGuizmo\ImGradient.h">
      <Filter>03. Tool\02. ImGuizmo\01. Header</Filter>
    </ClInclude>
    <ClInclude Include="..\Reference\Header\ImGuizmo\ImGuizmo.h">
      <Filter>03. Tool\02. ImGuizmo\01. Header</Filter>
    </ClInclude>
    <ClInclude Include="..\Reference\Header\ImGuizmo\ImSequencer.h">
      <Filter>03. Tool\02. ImGuizmo\01. Header</Filter>
    </ClInclude>
    <ClInclude Include="..\Reference\Header\ImGuizmo\ImZoomSlider.h">
      <Filter>03. Tool\02. ImGuizmo\01. Header</Filter>
    </ClInclude>
    <ClInclude Include="Public\Client_Settings.h">
      <Filter>00. Header\00. PCH</Filter>
    </ClInclude>
    <ClInclude Include="Public\RailGunner.h">
      <Filter>05. GameObject\07. Survivor\01. RailGunner</Filter>
    </ClInclude>
    <ClInclude Include="Public\RailGunner_Crosshair.h">
      <Filter>05. GameObject\07. Survivor\01. RailGunner\01. System\02. Crosshair</Filter>
    </ClInclude>
    <ClInclude Include="Public\Control_RailGunner.h">
      <Filter>05. GameObject\07. Survivor\01. RailGunner\00. Behavior\01. Control</Filter>
    </ClInclude>
    <ClInclude Include="Public\Client_Animation.h">
      <Filter>00. Header</Filter>
    </ClInclude>
    <ClInclude Include="Public\RailGunner_State.h">
      <Filter>05. GameObject\07. Survivor\01. RailGunner\01. System\01. State</Filter>
    </ClInclude>
    <ClInclude Include="Public\RailGunner_PistolBullet.h">
      <Filter>05. GameObject\07. Survivor\01. RailGunner\02. Bullet\01. Pistol</Filter>
    </ClInclude>
    <ClInclude Include="Public\Golem.h">
      <Filter>05. GameObject\08. Monster\02. Golem</Filter>
    </ClInclude>
    <ClInclude Include="Public\Golem_Behavior.h">
      <Filter>05. GameObject\08. Monster\02. Golem\00. Behavior\00. Custom</Filter>
    </ClInclude>
    <ClInclude Include="Public\Client_Function.h">
      <Filter>00. Header</Filter>
    </ClInclude>
    <ClInclude Include="Public\Golem_Untarget.h">
      <Filter>05. GameObject\08. Monster\02. Golem\00. Behavior\00. Custom\00. State\01. Untarget</Filter>
    </ClInclude>
    <ClInclude Include="Public\Golem_Target.h">
      <Filter>05. GameObject\08. Monster\02. Golem\00. Behavior\00. Custom\00. State\02. Target</Filter>
    </ClInclude>
    <ClInclude Include="Public\Hostile.h">
      <Filter>05. GameObject\08. Monster\00. Behavior\01. Custom</Filter>
    </ClInclude>
    <ClInclude Include="Public\Monster.h">
      <Filter>05. GameObject\08. Monster</Filter>
    </ClInclude>
    <ClInclude Include="Public\Golem_Hit.h">
      <Filter>05. GameObject\08. Monster\02. Golem\00. Behavior\00. Custom\00. State\03. Hit</Filter>
    </ClInclude>
    <ClInclude Include="Public\Moon.h">
      <Filter>05. GameObject\05. Terrain\06. Moon</Filter>
    </ClInclude>
    <ClInclude Include="Public\Scene_Moon.h">
      <Filter>04. Scene\09. Moon</Filter>
    </ClInclude>
    <ClInclude Include="Public\Loader_Moon.h">
      <Filter>04. Scene\09. Moon</Filter>
    </ClInclude>
    <ClInclude Include="Public\Brother.h">
      <Filter>05. GameObject\08. Monster\01. Brother</Filter>
    </ClInclude>
    <ClInclude Include="Public\Brother_Phase.h">
      <Filter>05. GameObject\08. Monster\01. Brother\00. Behavior\00. Custom\99. Unused\00. Phase</Filter>
    </ClInclude>
    <ClInclude Include="Public\Brother_Phase_0.h">
      <Filter>05. GameObject\08. Monster\01. Brother\00. Behavior\00. Custom\99. Unused\00. Phase\00. Phase 0</Filter>
    </ClInclude>
    <ClInclude Include="Public\Brother_Phase_1.h">
      <Filter>05. GameObject\08. Monster\01. Brother\00. Behavior\00. Custom\99. Unused\00. Phase\01. Phase 1</Filter>
    </ClInclude>
    <ClInclude Include="Public\Brother_Behavior.h">
      <Filter>05. GameObject\08. Monster\01. Brother\00. Behavior\00. Custom\99. Unused</Filter>
    </ClInclude>
    <ClInclude Include="Public\BrotherNodeLeaf_Run.h">
      <Filter>05. GameObject\08. Monster\01. Brother\00. Behavior\00. Custom\00. BehaviorTree\01. Leaf\01. Move\01. Run</Filter>
    </ClInclude>
    <ClInclude Include="Public\BrotherNodeLeaf_Sprint.h">
      <Filter>05. GameObject\08. Monster\01. Brother\00. Behavior\00. Custom\00. BehaviorTree\01. Leaf\01. Move\02. Sprint</Filter>
    </ClInclude>
    <ClInclude Include="Public\Brother_BehaviorTree.h">
      <Filter>05. GameObject\08. Monster\01. Brother\00. Behavior\00. Custom\00. BehaviorTree</Filter>
    </ClInclude>
    <ClInclude Include="Public\BrotherNode_Root.h">
      <Filter>05. GameObject\08. Monster\01. Brother\00. Behavior\00. Custom\00. BehaviorTree\00. Root</Filter>
    </ClInclude>
    <ClInclude Include="Public\BrotherNodeDecorator_Range.h">
      <Filter>05. GameObject\08. Monster\01. Brother\00. Behavior\00. Custom\00. BehaviorTree\02. Decorator\02. Range</Filter>
    </ClInclude>
    <ClInclude Include="Public\BrotherNodeDecorator_Repeat.h">
      <Filter>05. GameObject\08. Monster\01. Brother\00. Behavior\00. Custom\00. BehaviorTree\02. Decorator\00. Repeat</Filter>
    </ClInclude>
    <ClInclude Include="Public\BrotherNodeSelector_Phase.h">
      <Filter>05. GameObject\08. Monster\01. Brother\00. Behavior\00. Custom\00. BehaviorTree\03. Composite\02. Selector\00. Phase</Filter>
    </ClInclude>
    <ClInclude Include="Public\BrotherNodeSelector_Phase1.h">
      <Filter>05. GameObject\08. Monster\01. Brother\00. Behavior\00. Custom\00. BehaviorTree\03. Composite\02. Selector\00. Phase\01. Phase1</Filter>
    </ClInclude>
    <ClInclude Include="Public\BrotherNodeLeaf_LeapBegin.h">
      <Filter>05. GameObject\08. Monster\01. Brother\00. Behavior\00. Custom\00. BehaviorTree\01. Leaf\00. Event\01. Leap\00. Begin</Filter>
    </ClInclude>
    <ClInclude Include="Public\BrotherNodeLeaf_LeapEnd.h">
      <Filter>05. GameObject\08. Monster\01. Brother\00. Behavior\00. Custom\00. BehaviorTree\01. Leaf\00. Event\01. Leap\01. End</Filter>
    </ClInclude>
    <ClInclude Include="Public\BrotherNodeLeaf_IdleReady.h">
      <Filter>05. GameObject\08. Monster\01. Brother\00. Behavior\00. Custom\00. BehaviorTree\01. Leaf\00. Event\00. Idle</Filter>
    </ClInclude>
    <ClInclude Include="Public\BrotherNodeSequence_Enter.h">
      <Filter>05. GameObject\08. Monster\01. Brother\00. Behavior\00. Custom\00. BehaviorTree\03. Composite\01. Sequence\01. Element\00. Enter</Filter>
    </ClInclude>
    <ClInclude Include="Public\BrotherNodeDecorator_Delay.h">
      <Filter>05. GameObject\08. Monster\01. Brother\00. Behavior\00. Custom\00. BehaviorTree\02. Decorator\01. Delay</Filter>
    </ClInclude>
    <ClInclude Include="Public\BrotherNodeLeaf_Dash.h">
      <Filter>05. GameObject\08. Monster\01. Brother\00. Behavior\00. Custom\00. BehaviorTree\01. Leaf\01. Move\00. Dash</Filter>
    </ClInclude>
    <ClInclude Include="Public\BrotherNodeLeaf_DashSide.h">
      <Filter>05. GameObject\08. Monster\01. Brother\00. Behavior\00. Custom\00. BehaviorTree\01. Leaf\01. Move\00. Dash\01. Side</Filter>
    </ClInclude>
    <ClInclude Include="Public\BrotherNodeSequence_Special.h">
      <Filter>05. GameObject\08. Monster\01. Brother\00. Behavior\00. Custom\00. BehaviorTree\03. Composite\01. Sequence\00. Skill\00. Special</Filter>
    </ClInclude>
    <ClInclude Include="Public\BrotherNodeDecorator_Skill.h">
      <Filter>05. GameObject\08. Monster\01. Brother\00. Behavior\00. Custom\00. BehaviorTree\02. Decorator\03. Skill</Filter>
    </ClInclude>
    <ClInclude Include="Public\BrotherNodeLeaf_Shard.h">
      <Filter>05. GameObject\08. Monster\01. Brother\00. Behavior\00. Custom\00. BehaviorTree\01. Leaf\02. Attack\02. Shard</Filter>
    </ClInclude>
    <ClInclude Include="Public\BrotherNodeSelector_PrimaryMelee.h">
      <Filter>05. GameObject\08. Monster\01. Brother\00. Behavior\00. Custom\00. BehaviorTree\03. Composite\02. Selector\01. Skill\00. Element\01. PrimaryMelee</Filter>
    </ClInclude>
    <ClInclude Include="Public\BrotherNodeParallel_PrimaryShard.h">
      <Filter>05. GameObject\08. Monster\01. Brother\00. Behavior\00. Custom\00. BehaviorTree\03. Composite\00. Parallel\00. Skill\00. Element\01. PrimaryShard</Filter>
    </ClInclude>
    <ClInclude Include="Public\BrotherNodeSequence_DashSmash.h">
      <Filter>05. GameObject\08. Monster\01. Brother\00. Behavior\00. Custom\00. BehaviorTree\03. Composite\01. Sequence\01. Element\01. DashSmash</Filter>
    </ClInclude>
    <ClInclude Include="Public\BrotherNodeLeaf_Smash.h">
      <Filter>05. GameObject\08. Monster\01. Brother\00. Behavior\00. Custom\00. BehaviorTree\01. Leaf\02. Attack\00. Smash</Filter>
    </ClInclude>
    <ClInclude Include="Public\BrotherNodeSelector_Secondary.h">
      <Filter>05. GameObject\08. Monster\01. Brother\00. Behavior\00. Custom\00. BehaviorTree\03. Composite\02. Selector\01. Skill\02. Secondary</Filter>
    </ClInclude>
    <ClInclude Include="Public\BrotherNodeLeaf_SprintSmash.h">
      <Filter>05. GameObject\08. Monster\01. Brother\00. Behavior\00. Custom\00. BehaviorTree\01. Leaf\02. Attack\01. SprintSmash</Filter>
    </ClInclude>
    <ClInclude Include="Public\BrotherNodeSequence_DashSprintSmash.h">
      <Filter>05. GameObject\08. Monster\01. Brother\00. Behavior\00. Custom\00. BehaviorTree\03. Composite\01. Sequence\01. Element\02. DashSprintSmash</Filter>
    </ClInclude>
    <ClInclude Include="Public\BrotherNodeSelector_Phase2.h">
      <Filter>05. GameObject\08. Monster\01. Brother\00. Behavior\00. Custom\00. BehaviorTree\03. Composite\02. Selector\00. Phase\02. Phase2</Filter>
    </ClInclude>
    <ClInclude Include="Public\BrotherNodeSelector_Phase3.h">
      <Filter>05. GameObject\08. Monster\01. Brother\00. Behavior\00. Custom\00. BehaviorTree\03. Composite\02. Selector\00. Phase\03. Phase3</Filter>
    </ClInclude>
    <ClInclude Include="Public\BrotherNodeSelector_Phase4.h">
      <Filter>05. GameObject\08. Monster\01. Brother\00. Behavior\00. Custom\00. BehaviorTree\03. Composite\02. Selector\00. Phase\04. Phase4</Filter>
    </ClInclude>
    <ClInclude Include="Public\BrotherNodeSelector_Primary.h">
      <Filter>05. GameObject\08. Monster\01. Brother\00. Behavior\00. Custom\00. BehaviorTree\03. Composite\02. Selector\01. Skill\01. Primary</Filter>
    </ClInclude>
    <ClInclude Include="Public\BrotherNodeSelector_LunarPrimary.h">
      <Filter>05. GameObject\08. Monster\01. Brother\00. Behavior\00. Custom\00. BehaviorTree\03. Composite\02. Selector\01. Skill\01. Primary\00. Lunar</Filter>
    </ClInclude>
    <ClInclude Include="Public\BrotherNodeSelector_LunarPrimaryMelee.h">
      <Filter>05. GameObject\08. Monster\01. Brother\00. Behavior\00. Custom\00. BehaviorTree\03. Composite\02. Selector\01. Skill\00. Element\01. PrimaryMelee\00. Lunar</Filter>
    </ClInclude>
    <ClInclude Include="Public\BrotherNodeLeaf_LunarSmash.h">
      <Filter>05. GameObject\08. Monster\01. Brother\00. Behavior\00. Custom\00. BehaviorTree\01. Leaf\02. Attack\00. Smash\00. Lunar</Filter>
    </ClInclude>
    <ClInclude Include="Public\BrotherNodeSequence_LunarDashSmash.h">
      <Filter>05. GameObject\08. Monster\01. Brother\00. Behavior\00. Custom\00. BehaviorTree\03. Composite\01. Sequence\01. Element\01. DashSmash\00. Lunar</Filter>
    </ClInclude>
    <ClInclude Include="Public\BrotherNodeSelector_LunarSpecial.h">
      <Filter>05. GameObject\08. Monster\01. Brother\00. Behavior\00. Custom\00. BehaviorTree\03. Composite\02. Selector\01. Skill\03. Special\00. Lunar</Filter>
    </ClInclude>
    <ClInclude Include="Public\BrotherNodeParallel_HurtPrimaryShard.h">
      <Filter>05. GameObject\08. Monster\01. Brother\00. Behavior\00. Custom\00. BehaviorTree\03. Composite\00. Parallel\00. Skill\00. Element\01. PrimaryShard\00. Hurt</Filter>
    </ClInclude>
    <ClInclude Include="Public\BrotherNodeLeaf_HurtWalk.h">
      <Filter>05. GameObject\08. Monster\01. Brother\00. Behavior\00. Custom\00. BehaviorTree\01. Leaf\01. Move\03. Hurt</Filter>
    </ClInclude>
    <ClInclude Include="Public\BrotherNodeLeaf_HurtShard.h">
      <Filter>05. GameObject\08. Monster\01. Brother\00. Behavior\00. Custom\00. BehaviorTree\01. Leaf\02. Attack\02. Shard\00. Hurt</Filter>
    </ClInclude>
    <ClInclude Include="Public\BrotherNodeLeaf_HurtIdle.h">
      <Filter>05. GameObject\08. Monster\01. Brother\00. Behavior\00. Custom\00. BehaviorTree\01. Leaf\00. Event\00. Idle\00. Hurt</Filter>
    </ClInclude>
    <ClInclude Include="Public\BrotherNodeLeaf_SpellChannel.h">
      <Filter>05. GameObject\08. Monster\01. Brother\00. Behavior\00. Custom\00. BehaviorTree\01. Leaf\00. Event\02. SpellChannel</Filter>
    </ClInclude>
    <ClInclude Include="Public\BrotherNodeLeaf_Stagger.h">
      <Filter>05. GameObject\08. Monster\01. Brother\00. Behavior\00. Custom\00. BehaviorTree\01. Leaf\00. Event\03. Stagger</Filter>
    </ClInclude>
    <ClInclude Include="Public\BrotherNodeLeaf_FistSlam.h">
      <Filter>05. GameObject\08. Monster\01. Brother\00. Behavior\00. Custom\00. BehaviorTree\01. Leaf\02. Attack\04. FistSlam</Filter>
    </ClInclude>
    <ClInclude Include="Public\Scene_Tool.h">
      <Filter>04. Scene\02. Tool</Filter>
    </ClInclude>
    <ClInclude Include="Public\Effect_Demo_Rect.h">
      <Filter>05. GameObject\09. Effect\00. Instance\00. Demo\01. Rect</Filter>
    </ClInclude>
    <ClInclude Include="Public\Effect_Demo_Point.h">
      <Filter>05. GameObject\09. Effect\00. Instance\00. Demo\00. Point</Filter>
    </ClInclude>
    <ClInclude Include="Public\VFX_TrailQuad.h">
      <Filter>05. GameObject\09. Effect\00. Instance\01. Trail\02. Quad</Filter>
    </ClInclude>
    <ClInclude Include="Public\VFX_TrailLine.h">
      <Filter>05. GameObject\09. Effect\00. Instance\01. Trail\01. Line</Filter>
    </ClInclude>
    <ClInclude Include="Public\VFX_ParticleMesh.h">
      <Filter>05. GameObject\09. Effect\00. Instance\02. Particle\00. Mesh</Filter>
    </ClInclude>
    <ClInclude Include="Public\Loader_Tool.h">
      <Filter>04. Scene\02. Tool</Filter>
    </ClInclude>
    <ClInclude Include="Public\GlobalGizmo.h">
      <Filter>04. Scene\02. Tool\00. Gizmo</Filter>
    </ClInclude>
    <ClInclude Include="Public\SkyCube.h">
      <Filter>05. GameObject\04. SkyBox\00. Cube</Filter>
    </ClInclude>
    <ClInclude Include="Public\Teleporter.h">
      <Filter>05. GameObject\06. Interactable\00. Teleporter</Filter>
    </ClInclude>
    <ClInclude Include="Public\Brother_LunarShard.h">
      <Filter>05. GameObject\08. Monster\01. Brother\01. Bullet\00. Shard</Filter>
    </ClInclude>
    <ClInclude Include="Public\LunarGolem.h">
      <Filter>05. GameObject\08. Monster\03. LunarGolem</Filter>
    </ClInclude>
    <ClInclude Include="Public\LunarExploder.h">
      <Filter>05. GameObject\08. Monster\04. LunarExploder</Filter>
    </ClInclude>
    <ClInclude Include="Public\LunarExploder_BehaviorTree.h">
      <Filter>05. GameObject\08. Monster\04. LunarExploder\00. Behavior\00. Custom\00. BehaviorTree</Filter>
    </ClInclude>
    <ClInclude Include="Public\LunarExploderNode_Root.h">
      <Filter>05. GameObject\08. Monster\04. LunarExploder\00. Behavior\00. Custom\00. BehaviorTree\00. Root</Filter>
    </ClInclude>
    <ClInclude Include="Public\LunarExploderNodeDecorator_Repeat.h">
      <Filter>05. GameObject\08. Monster\04. LunarExploder\00. Behavior\00. Custom\00. BehaviorTree\02. Decorator\00. Repeat</Filter>
    </ClInclude>
    <ClInclude Include="Public\LunarExploderNodeDecorator_Delay.h">
      <Filter>05. GameObject\08. Monster\04. LunarExploder\00. Behavior\00. Custom\00. BehaviorTree\02. Decorator\01. Delay</Filter>
    </ClInclude>
    <ClInclude Include="Public\LunarExploderNodeDecorator_Skill.h">
      <Filter>05. GameObject\08. Monster\04. LunarExploder\00. Behavior\00. Custom\00. BehaviorTree\02. Decorator\03. Skill</Filter>
    </ClInclude>
    <ClInclude Include="Public\LunarExploderNodeDecorator_Range.h">
      <Filter>05. GameObject\08. Monster\04. LunarExploder\00. Behavior\00. Custom\00. BehaviorTree\02. Decorator\02. Range</Filter>
    </ClInclude>
    <ClInclude Include="Public\LunarExploderNodeSelector_Main.h">
      <Filter>05. GameObject\08. Monster\04. LunarExploder\00. Behavior\00. Custom\00. BehaviorTree\03. Composite\02. Selector\00. Main</Filter>
    </ClInclude>
    <ClInclude Include="Public\LunarExploderNodeLeaf_Idle.h">
      <Filter>05. GameObject\08. Monster\04. LunarExploder\00. Behavior\00. Custom\00. BehaviorTree\01. Leaf\00. Event\00. Idle</Filter>
    </ClInclude>
    <ClInclude Include="Public\LunarExploderNodeLeaf_Spawn.h">
      <Filter>05. GameObject\08. Monster\04. LunarExploder\00. Behavior\00. Custom\00. BehaviorTree\01. Leaf\00. Event\01. Spawn</Filter>
    </ClInclude>
    <ClInclude Include="Public\LunarExploderNodeLeaf_Death.h">
      <Filter>05. GameObject\08. Monster\04. LunarExploder\00. Behavior\00. Custom\00. BehaviorTree\01. Leaf\00. Event\02. Death</Filter>
    </ClInclude>
    <ClInclude Include="Public\LunarExploderNodeLeaf_Sprint.h">
      <Filter>05. GameObject\08. Monster\04. LunarExploder\00. Behavior\00. Custom\00. BehaviorTree\01. Leaf\01. Move\01. Sprint</Filter>
    </ClInclude>
    <ClInclude Include="Public\LunarGolemNodeSelector_Main.h">
      <Filter>05. GameObject\08. Monster\03. LunarGolem\00. Behavior\00. Custom\00. BehaviorTree\03. Composite\02. Selector\00. Main</Filter>
    </ClInclude>
    <ClInclude Include="Public\LunarGolemNodeSequence_SprintShot.h">
      <Filter>05. GameObject\08. Monster\03. LunarGolem\00. Behavior\00. Custom\00. BehaviorTree\03. Composite\01. Sequence\00. SprintShot</Filter>
    </ClInclude>
    <ClInclude Include="Public\LunarGolemNodeParallel_WalkShot.h">
      <Filter>05. GameObject\08. Monster\03. LunarGolem\00. Behavior\00. Custom\00. BehaviorTree\03. Composite\00. Parallel\00. WalkShot</Filter>
    </ClInclude>
    <ClInclude Include="Public\LunarGolemNodeDecorator_Repeat.h">
      <Filter>05. GameObject\08. Monster\03. LunarGolem\00. Behavior\00. Custom\00. BehaviorTree\02. Decorator\00. Repeat</Filter>
    </ClInclude>
    <ClInclude Include="Public\LunarGolemNodeDecorator_Delay.h">
      <Filter>05. GameObject\08. Monster\03. LunarGolem\00. Behavior\00. Custom\00. BehaviorTree\02. Decorator\01. Delay</Filter>
    </ClInclude>
    <ClInclude Include="Public\LunarGolemNodeDecorator_Range.h">
      <Filter>05. GameObject\08. Monster\03. LunarGolem\00. Behavior\00. Custom\00. BehaviorTree\02. Decorator\02. Range</Filter>
    </ClInclude>
    <ClInclude Include="Public\LunarGolemNodeDecorator_Skill.h">
      <Filter>05. GameObject\08. Monster\03. LunarGolem\00. Behavior\00. Custom\00. BehaviorTree\02. Decorator\03. Skill</Filter>
    </ClInclude>
    <ClInclude Include="Public\LunarGolemNodeLeaf_TwinShot.h">
      <Filter>05. GameObject\08. Monster\03. LunarGolem\00. Behavior\00. Custom\00. BehaviorTree\01. Leaf\02. Attack\00. TwinShot</Filter>
    </ClInclude>
    <ClInclude Include="Public\LunarGolemNodeLeaf_Sprint.h">
      <Filter>05. GameObject\08. Monster\03. LunarGolem\00. Behavior\00. Custom\00. BehaviorTree\01. Leaf\01. Move\01. Sprint</Filter>
    </ClInclude>
    <ClInclude Include="Public\LunarGolemNodeLeaf_Walk.h">
      <Filter>05. GameObject\08. Monster\03. LunarGolem\00. Behavior\00. Custom\00. BehaviorTree\01. Leaf\01. Move\00. Walk</Filter>
    </ClInclude>
    <ClInclude Include="Public\LunarGolemNodeLeaf_Idle.h">
      <Filter>05. GameObject\08. Monster\03. LunarGolem\00. Behavior\00. Custom\00. BehaviorTree\01. Leaf\00. Event\00. Idle</Filter>
    </ClInclude>
    <ClInclude Include="Public\LunarGolemNode_Root.h">
      <Filter>05. GameObject\08. Monster\03. LunarGolem\00. Behavior\00. Custom\00. BehaviorTree\00. Root</Filter>
    </ClInclude>
    <ClInclude Include="Public\LunarGolem_BehaviorTree.h">
      <Filter>05. GameObject\08. Monster\03. LunarGolem\00. Behavior\00. Custom\00. BehaviorTree</Filter>
    </ClInclude>
    <ClInclude Include="Public\LunarGolemNodeLeaf_LeapEnd.h">
      <Filter>05. GameObject\08. Monster\03. LunarGolem\00. Behavior\00. Custom\00. BehaviorTree\01. Leaf\00. Event\01. Leap\02. End</Filter>
    </ClInclude>
    <ClInclude Include="Public\LunarGolemNodeLeaf_Death.h">
      <Filter>05. GameObject\08. Monster\03. LunarGolem\00. Behavior\00. Custom\00. BehaviorTree\01. Leaf\00. Event\02. Death</Filter>
    </ClInclude>
    <ClInclude Include="Public\BrotherUI_HealthBar.h">
      <Filter>05. GameObject\08. Monster\01. Brother\02. UI\00. HealthBar</Filter>
    </ClInclude>
    <ClInclude Include="Public\BrotherNodeLeaf_Death.h">
      <Filter>05. GameObject\08. Monster\01. Brother\00. Behavior\00. Custom\00. BehaviorTree\01. Leaf\00. Event\04. Death</Filter>
    </ClInclude>
  </ItemGroup>
  <ItemGroup>
    <ClCompile Include="Default\Client.cpp">
      <Filter>01. Default\01. Source</Filter>
    </ClCompile>
    <ClCompile Include="Private\MainApp.cpp">
      <Filter>02. MainApp</Filter>
    </ClCompile>
    <ClCompile Include="Private\ClientPCH.cpp">
      <Filter>00. Header\00. PCH</Filter>
    </ClCompile>
    <ClCompile Include="Private\Scene_Load.cpp">
      <Filter>04. Scene\00. Load</Filter>
    </ClCompile>
    <ClCompile Include="Private\Loader.cpp">
      <Filter>04. Scene\00. Load\00. Loader</Filter>
    </ClCompile>
    <ClCompile Include="Private\Scene_Test.cpp">
      <Filter>04. Scene\03. Test</Filter>
    </ClCompile>
    <ClCompile Include="Private\Scene_Menu.cpp">
      <Filter>04. Scene\01. Menu</Filter>
    </ClCompile>
    <ClCompile Include="Private\Background.cpp">
      <Filter>05. GameObject\01. Demo\01. Background</Filter>
    </ClCompile>
    <ClCompile Include="Private\Camera_Main.cpp">
      <Filter>05. GameObject\03. Camera\00. MainCamera</Filter>
    </ClCompile>
    <ClCompile Include="Private\Terrain.cpp">
      <Filter>05. GameObject\01. Demo\02. Terrain</Filter>
    </ClCompile>
    <ClCompile Include="..\Reference\Source\ImGui\imgui.cpp">
      <Filter>03. Tool\01. ImGui\02. Source</Filter>
    </ClCompile>
    <ClCompile Include="..\Reference\Source\ImGui\imgui_draw.cpp">
      <Filter>03. Tool\01. ImGui\02. Source</Filter>
    </ClCompile>
    <ClCompile Include="..\Reference\Source\ImGui\imgui_impl_dx11.cpp">
      <Filter>03. Tool\01. ImGui\02. Source</Filter>
    </ClCompile>
    <ClCompile Include="..\Reference\Source\ImGui\imgui_impl_win32.cpp">
      <Filter>03. Tool\01. ImGui\02. Source</Filter>
    </ClCompile>
    <ClCompile Include="..\Reference\Source\ImGui\imgui_tables.cpp">
      <Filter>03. Tool\01. ImGui\02. Source</Filter>
    </ClCompile>
    <ClCompile Include="..\Reference\Source\ImGui\imgui_widgets.cpp">
      <Filter>03. Tool\01. ImGui\02. Source</Filter>
    </ClCompile>
    <ClCompile Include="Private\ImGui_Manager.cpp">
      <Filter>03. Tool\00. Manager</Filter>
    </ClCompile>
    <ClCompile Include="Private\GolemPlains.cpp">
      <Filter>05. GameObject\05. Terrain\01. GolemPlains</Filter>
    </ClCompile>
    <ClCompile Include="..\Reference\Source\ImGuiFileDialog\ImGuiFileDialog.cpp">
      <Filter>03. Tool\03. ImGuiFileDialog\02. Source</Filter>
    </ClCompile>
    <ClCompile Include="..\Reference\Source\ImGuizmo\GraphEditor.cpp">
      <Filter>03. Tool\02. ImGuizmo\02. Source</Filter>
    </ClCompile>
    <ClCompile Include="..\Reference\Source\ImGuizmo\ImCurveEdit.cpp">
      <Filter>03. Tool\02. ImGuizmo\02. Source</Filter>
    </ClCompile>
    <ClCompile Include="..\Reference\Source\ImGuizmo\ImGradient.cpp">
      <Filter>03. Tool\02. ImGuizmo\02. Source</Filter>
    </ClCompile>
    <ClCompile Include="..\Reference\Source\ImGuizmo\ImGuizmo.cpp">
      <Filter>03. Tool\02. ImGuizmo\02. Source</Filter>
    </ClCompile>
    <ClCompile Include="..\Reference\Source\ImGuizmo\ImSequencer.cpp">
      <Filter>03. Tool\02. ImGuizmo\02. Source</Filter>
    </ClCompile>
    <ClCompile Include="Private\RailGunner.cpp">
      <Filter>05. GameObject\07. Survivor\01. RailGunner</Filter>
    </ClCompile>
    <ClCompile Include="Private\RailGunner_Crosshair.cpp">
      <Filter>05. GameObject\07. Survivor\01. RailGunner\01. System\02. Crosshair</Filter>
    </ClCompile>
    <ClCompile Include="Private\Control_RailGunner.cpp">
      <Filter>05. GameObject\07. Survivor\01. RailGunner\00. Behavior\01. Control</Filter>
    </ClCompile>
    <ClCompile Include="Private\RailGunner_State.cpp">
      <Filter>05. GameObject\07. Survivor\01. RailGunner\01. System\01. State</Filter>
    </ClCompile>
    <ClCompile Include="Private\RailGunner_PistolBullet.cpp">
      <Filter>05. GameObject\07. Survivor\01. RailGunner\02. Bullet\01. Pistol</Filter>
    </ClCompile>
    <ClCompile Include="Private\Golem_Behavior.cpp">
      <Filter>05. GameObject\08. Monster\02. Golem\00. Behavior\00. Custom</Filter>
    </ClCompile>
    <ClCompile Include="Private\Client_Function.cpp">
      <Filter>00. Header\02. Source</Filter>
    </ClCompile>
    <ClCompile Include="Private\Golem_Untarget.cpp">
      <Filter>05. GameObject\08. Monster\02. Golem\00. Behavior\00. Custom\00. State\01. Untarget</Filter>
    </ClCompile>
    <ClCompile Include="Private\Golem_Target.cpp">
      <Filter>05. GameObject\08. Monster\02. Golem\00. Behavior\00. Custom\00. State\02. Target</Filter>
    </ClCompile>
    <ClCompile Include="Private\Hostile.cpp">
      <Filter>05. GameObject\08. Monster\00. Behavior\01. Custom</Filter>
    </ClCompile>
    <ClCompile Include="Private\Monster.cpp">
      <Filter>05. GameObject\08. Monster</Filter>
    </ClCompile>
    <ClCompile Include="Private\Golem_Hit.cpp">
      <Filter>05. GameObject\08. Monster\02. Golem\00. Behavior\00. Custom\00. State\03. Hit</Filter>
    </ClCompile>
    <ClCompile Include="Private\Moon.cpp">
      <Filter>05. GameObject\05. Terrain\06. Moon</Filter>
    </ClCompile>
    <ClCompile Include="Private\Scene_Moon.cpp">
      <Filter>04. Scene\09. Moon</Filter>
    </ClCompile>
    <ClCompile Include="Private\Brother.cpp">
      <Filter>05. GameObject\08. Monster\01. Brother</Filter>
    </ClCompile>
    <ClCompile Include="Private\Brother_Phase_0.cpp">
      <Filter>05. GameObject\08. Monster\01. Brother\00. Behavior\00. Custom\99. Unused\00. Phase\00. Phase 0</Filter>
    </ClCompile>
    <ClCompile Include="Private\Brother_Phase.cpp">
      <Filter>05. GameObject\08. Monster\01. Brother\00. Behavior\00. Custom\99. Unused\00. Phase</Filter>
    </ClCompile>
    <ClCompile Include="Private\Brother_Phase_1.cpp">
      <Filter>05. GameObject\08. Monster\01. Brother\00. Behavior\00. Custom\99. Unused\00. Phase\01. Phase 1</Filter>
    </ClCompile>
    <ClCompile Include="Private\Brother_Behavior.cpp">
      <Filter>05. GameObject\08. Monster\01. Brother\00. Behavior\00. Custom\99. Unused</Filter>
    </ClCompile>
    <ClCompile Include="Private\BrotherNodeLeaf_Run.cpp">
      <Filter>05. GameObject\08. Monster\01. Brother\00. Behavior\00. Custom\00. BehaviorTree\01. Leaf\01. Move\01. Run</Filter>
    </ClCompile>
    <ClCompile Include="Private\BrotherNodeLeaf_Sprint.cpp">
      <Filter>05. GameObject\08. Monster\01. Brother\00. Behavior\00. Custom\00. BehaviorTree\01. Leaf\01. Move\02. Sprint</Filter>
    </ClCompile>
    <ClCompile Include="Private\Brother_BehaviorTree.cpp">
      <Filter>05. GameObject\08. Monster\01. Brother\00. Behavior\00. Custom\00. BehaviorTree</Filter>
    </ClCompile>
    <ClCompile Include="Private\BrotherNode_Root.cpp">
      <Filter>05. GameObject\08. Monster\01. Brother\00. Behavior\00. Custom\00. BehaviorTree\00. Root</Filter>
    </ClCompile>
    <ClCompile Include="Private\BrotherNodeDecorator_Range.cpp">
      <Filter>05. GameObject\08. Monster\01. Brother\00. Behavior\00. Custom\00. BehaviorTree\02. Decorator\02. Range</Filter>
    </ClCompile>
    <ClCompile Include="Private\BrotherNodeDecorator_Repeat.cpp">
      <Filter>05. GameObject\08. Monster\01. Brother\00. Behavior\00. Custom\00. BehaviorTree\02. Decorator\00. Repeat</Filter>
    </ClCompile>
    <ClCompile Include="Private\BrotherNodeSelector_Phase.cpp">
      <Filter>05. GameObject\08. Monster\01. Brother\00. Behavior\00. Custom\00. BehaviorTree\03. Composite\02. Selector\00. Phase</Filter>
    </ClCompile>
    <ClCompile Include="Private\BrotherNodeSelector_Phase1.cpp">
      <Filter>05. GameObject\08. Monster\01. Brother\00. Behavior\00. Custom\00. BehaviorTree\03. Composite\02. Selector\00. Phase\01. Phase1</Filter>
    </ClCompile>
    <ClCompile Include="Private\BrotherNodeLeaf_LeapBegin.cpp">
      <Filter>05. GameObject\08. Monster\01. Brother\00. Behavior\00. Custom\00. BehaviorTree\01. Leaf\00. Event\01. Leap\00. Begin</Filter>
    </ClCompile>
    <ClCompile Include="Private\BrotherNodeLeaf_LeapEnd.cpp">
      <Filter>05. GameObject\08. Monster\01. Brother\00. Behavior\00. Custom\00. BehaviorTree\01. Leaf\00. Event\01. Leap\01. End</Filter>
    </ClCompile>
    <ClCompile Include="Private\BrotherNodeLeaf_IdleReady.cpp">
      <Filter>05. GameObject\08. Monster\01. Brother\00. Behavior\00. Custom\00. BehaviorTree\01. Leaf\00. Event\00. Idle</Filter>
    </ClCompile>
    <ClCompile Include="Private\BrotherNodeSequence_Enter.cpp">
      <Filter>05. GameObject\08. Monster\01. Brother\00. Behavior\00. Custom\00. BehaviorTree\03. Composite\01. Sequence\01. Element\00. Enter</Filter>
    </ClCompile>
    <ClCompile Include="Private\BrotherNodeDecorator_Delay.cpp">
      <Filter>05. GameObject\08. Monster\01. Brother\00. Behavior\00. Custom\00. BehaviorTree\02. Decorator\01. Delay</Filter>
    </ClCompile>
    <ClCompile Include="Private\BrotherNodeLeaf_Dash.cpp">
      <Filter>05. GameObject\08. Monster\01. Brother\00. Behavior\00. Custom\00. BehaviorTree\01. Leaf\01. Move\00. Dash</Filter>
    </ClCompile>
    <ClCompile Include="Private\BrotherNodeLeaf_DashSide.cpp">
      <Filter>05. GameObject\08. Monster\01. Brother\00. Behavior\00. Custom\00. BehaviorTree\01. Leaf\01. Move\00. Dash\01. Side</Filter>
    </ClCompile>
    <ClCompile Include="Private\BrotherNodeSequence_Special.cpp">
      <Filter>05. GameObject\08. Monster\01. Brother\00. Behavior\00. Custom\00. BehaviorTree\03. Composite\01. Sequence\00. Skill\00. Special</Filter>
    </ClCompile>
    <ClCompile Include="Private\BrotherNodeDecorator_Skill.cpp">
      <Filter>05. GameObject\08. Monster\01. Brother\00. Behavior\00. Custom\00. BehaviorTree\02. Decorator\03. Skill</Filter>
    </ClCompile>
    <ClCompile Include="Private\BrotherNodeLeaf_Shard.cpp">
      <Filter>05. GameObject\08. Monster\01. Brother\00. Behavior\00. Custom\00. BehaviorTree\01. Leaf\02. Attack\02. Shard</Filter>
    </ClCompile>
    <ClCompile Include="Private\BrotherNodeSelector_PrimaryMelee.cpp">
      <Filter>05. GameObject\08. Monster\01. Brother\00. Behavior\00. Custom\00. BehaviorTree\03. Composite\02. Selector\01. Skill\00. Element\01. PrimaryMelee</Filter>
    </ClCompile>
    <ClCompile Include="Private\BrotherNodeParallel_PrimaryShard.cpp">
      <Filter>05. GameObject\08. Monster\01. Brother\00. Behavior\00. Custom\00. BehaviorTree\03. Composite\00. Parallel\00. Skill\00. Element\01. PrimaryShard</Filter>
    </ClCompile>
    <ClCompile Include="Private\BrotherNodeSequence_DashSmash.cpp">
      <Filter>05. GameObject\08. Monster\01. Brother\00. Behavior\00. Custom\00. BehaviorTree\03. Composite\01. Sequence\01. Element\01. DashSmash</Filter>
    </ClCompile>
    <ClCompile Include="Private\BrotherNodeLeaf_Smash.cpp">
      <Filter>05. GameObject\08. Monster\01. Brother\00. Behavior\00. Custom\00. BehaviorTree\01. Leaf\02. Attack\00. Smash</Filter>
    </ClCompile>
    <ClCompile Include="Private\BrotherNodeSelector_Secondary.cpp">
      <Filter>05. GameObject\08. Monster\01. Brother\00. Behavior\00. Custom\00. BehaviorTree\03. Composite\02. Selector\01. Skill\02. Secondary</Filter>
    </ClCompile>
    <ClCompile Include="Private\BrotherNodeLeaf_SprintSmash.cpp">
      <Filter>05. GameObject\08. Monster\01. Brother\00. Behavior\00. Custom\00. BehaviorTree\01. Leaf\02. Attack\01. SprintSmash</Filter>
    </ClCompile>
    <ClCompile Include="Private\BrotherNodeSequence_DashSprintSmash.cpp">
      <Filter>05. GameObject\08. Monster\01. Brother\00. Behavior\00. Custom\00. BehaviorTree\03. Composite\01. Sequence\01. Element\02. DashSprintSmash</Filter>
    </ClCompile>
    <ClCompile Include="Private\BrotherNodeSelector_Phase2.cpp">
      <Filter>05. GameObject\08. Monster\01. Brother\00. Behavior\00. Custom\00. BehaviorTree\03. Composite\02. Selector\00. Phase\02. Phase2</Filter>
    </ClCompile>
    <ClCompile Include="Private\BrotherNodeSelector_Phase3.cpp">
      <Filter>05. GameObject\08. Monster\01. Brother\00. Behavior\00. Custom\00. BehaviorTree\03. Composite\02. Selector\00. Phase\03. Phase3</Filter>
    </ClCompile>
    <ClCompile Include="Private\BrotherNodeSelector_Phase4.cpp">
      <Filter>05. GameObject\08. Monster\01. Brother\00. Behavior\00. Custom\00. BehaviorTree\03. Composite\02. Selector\00. Phase\04. Phase4</Filter>
    </ClCompile>
    <ClCompile Include="Private\BrotherNodeSelector_Primary.cpp">
      <Filter>05. GameObject\08. Monster\01. Brother\00. Behavior\00. Custom\00. BehaviorTree\03. Composite\02. Selector\01. Skill\01. Primary</Filter>
    </ClCompile>
    <ClCompile Include="Private\BrotherNodeSelector_LunarPrimary.cpp">
      <Filter>05. GameObject\08. Monster\01. Brother\00. Behavior\00. Custom\00. BehaviorTree\03. Composite\02. Selector\01. Skill\01. Primary\00. Lunar</Filter>
    </ClCompile>
    <ClCompile Include="Private\BrotherNodeSelector_LunarPrimaryMelee.cpp">
      <Filter>05. GameObject\08. Monster\01. Brother\00. Behavior\00. Custom\00. BehaviorTree\03. Composite\02. Selector\01. Skill\00. Element\01. PrimaryMelee\00. Lunar</Filter>
    </ClCompile>
    <ClCompile Include="Private\BrotherNodeLeaf_LunarSmash.cpp">
      <Filter>05. GameObject\08. Monster\01. Brother\00. Behavior\00. Custom\00. BehaviorTree\01. Leaf\02. Attack\00. Smash\00. Lunar</Filter>
    </ClCompile>
    <ClCompile Include="Private\BrotherNodeSequence_LunarDashSmash.cpp">
      <Filter>05. GameObject\08. Monster\01. Brother\00. Behavior\00. Custom\00. BehaviorTree\03. Composite\01. Sequence\01. Element\01. DashSmash\00. Lunar</Filter>
    </ClCompile>
    <ClCompile Include="Private\BrotherNodeSelector_LunarSpecial.cpp">
      <Filter>05. GameObject\08. Monster\01. Brother\00. Behavior\00. Custom\00. BehaviorTree\03. Composite\02. Selector\01. Skill\03. Special\00. Lunar</Filter>
    </ClCompile>
    <ClCompile Include="Private\BrotherNodeParallel_HurtPrimaryShard.cpp">
      <Filter>05. GameObject\08. Monster\01. Brother\00. Behavior\00. Custom\00. BehaviorTree\03. Composite\00. Parallel\00. Skill\00. Element\01. PrimaryShard\00. Hurt</Filter>
    </ClCompile>
    <ClCompile Include="Private\BrotherNodeLeaf_HurtWalk.cpp">
      <Filter>05. GameObject\08. Monster\01. Brother\00. Behavior\00. Custom\00. BehaviorTree\01. Leaf\01. Move\03. Hurt</Filter>
    </ClCompile>
    <ClCompile Include="Private\BrotherNodeLeaf_HurtShard.cpp">
      <Filter>05. GameObject\08. Monster\01. Brother\00. Behavior\00. Custom\00. BehaviorTree\01. Leaf\02. Attack\02. Shard\00. Hurt</Filter>
    </ClCompile>
    <ClCompile Include="Private\BrotherNodeLeaf_HurtIdle.cpp">
      <Filter>05. GameObject\08. Monster\01. Brother\00. Behavior\00. Custom\00. BehaviorTree\01. Leaf\00. Event\00. Idle\00. Hurt</Filter>
    </ClCompile>
    <ClCompile Include="Private\BrotherNodeLeaf_SpellChannel.cpp">
      <Filter>05. GameObject\08. Monster\01. Brother\00. Behavior\00. Custom\00. BehaviorTree\01. Leaf\00. Event\02. SpellChannel</Filter>
    </ClCompile>
    <ClCompile Include="Private\BrotherNodeLeaf_Stagger.cpp">
      <Filter>05. GameObject\08. Monster\01. Brother\00. Behavior\00. Custom\00. BehaviorTree\01. Leaf\00. Event\03. Stagger</Filter>
    </ClCompile>
    <ClCompile Include="Private\BrotherNodeLeaf_FistSlam.cpp">
      <Filter>05. GameObject\08. Monster\01. Brother\00. Behavior\00. Custom\00. BehaviorTree\01. Leaf\02. Attack\04. FistSlam</Filter>
    </ClCompile>
    <ClCompile Include="Private\Scene_Tool.cpp">
      <Filter>04. Scene\02. Tool</Filter>
    </ClCompile>
    <ClCompile Include="Private\Effect_Demo_Rect.cpp">
      <Filter>05. GameObject\09. Effect\00. Instance\00. Demo\01. Rect</Filter>
    </ClCompile>
    <ClCompile Include="Private\Effect_Demo_Point.cpp">
      <Filter>05. GameObject\09. Effect\00. Instance\00. Demo\00. Point</Filter>
    </ClCompile>
    <ClCompile Include="Private\VFX_TrailQuad.cpp">
      <Filter>05. GameObject\09. Effect\00. Instance\01. Trail\02. Quad</Filter>
    </ClCompile>
    <ClCompile Include="Private\VFX_TrailLine.cpp">
      <Filter>05. GameObject\09. Effect\00. Instance\01. Trail\01. Line</Filter>
    </ClCompile>
    <ClCompile Include="Private\VFX_ParticleMesh.cpp">
      <Filter>05. GameObject\09. Effect\00. Instance\02. Particle\00. Mesh</Filter>
    </ClCompile>
    <ClCompile Include="Private\GlobalGizmo.cpp">
      <Filter>04. Scene\02. Tool\00. Gizmo</Filter>
    </ClCompile>
    <ClCompile Include="Private\SkyCube.cpp">
      <Filter>05. GameObject\04. SkyBox\00. Cube</Filter>
    </ClCompile>
    <ClCompile Include="Private\Teleporter.cpp">
      <Filter>05. GameObject\06. Interactable\00. Teleporter</Filter>
    </ClCompile>
    <ClCompile Include="Private\Brother_LunarShard.cpp">
      <Filter>05. GameObject\08. Monster\01. Brother\01. Bullet\00. Shard</Filter>
    </ClCompile>
    <ClCompile Include="Private\LunarGolem.cpp">
      <Filter>05. GameObject\08. Monster\03. LunarGolem</Filter>
    </ClCompile>
    <ClCompile Include="Private\LunarExploder.cpp">
      <Filter>05. GameObject\08. Monster\04. LunarExploder</Filter>
    </ClCompile>
    <ClCompile Include="Private\LunarExploder_BehaviorTree.cpp">
      <Filter>05. GameObject\08. Monster\04. LunarExploder\00. Behavior\00. Custom\00. BehaviorTree</Filter>
    </ClCompile>
    <ClCompile Include="Private\LunarExploderNode_Root.cpp">
      <Filter>05. GameObject\08. Monster\04. LunarExploder\00. Behavior\00. Custom\00. BehaviorTree\00. Root</Filter>
    </ClCompile>
    <ClCompile Include="Private\LunarExploderNodeDecorator_Repeat.cpp">
      <Filter>05. GameObject\08. Monster\04. LunarExploder\00. Behavior\00. Custom\00. BehaviorTree\02. Decorator\00. Repeat</Filter>
    </ClCompile>
    <ClCompile Include="Private\LunarExploderNodeDecorator_Delay.cpp">
      <Filter>05. GameObject\08. Monster\04. LunarExploder\00. Behavior\00. Custom\00. BehaviorTree\02. Decorator\01. Delay</Filter>
    </ClCompile>
    <ClCompile Include="Private\LunarExploderNodeDecorator_Skill.cpp">
      <Filter>05. GameObject\08. Monster\04. LunarExploder\00. Behavior\00. Custom\00. BehaviorTree\02. Decorator\03. Skill</Filter>
    </ClCompile>
    <ClCompile Include="Private\LunarExploderNodeDecorator_Range.cpp">
      <Filter>05. GameObject\08. Monster\04. LunarExploder\00. Behavior\00. Custom\00. BehaviorTree\02. Decorator\02. Range</Filter>
    </ClCompile>
    <ClCompile Include="Private\LunarExploderNodeSelector_Main.cpp">
      <Filter>05. GameObject\08. Monster\04. LunarExploder\00. Behavior\00. Custom\00. BehaviorTree\03. Composite\02. Selector\00. Main</Filter>
    </ClCompile>
    <ClCompile Include="Private\LunarExploderNodeLeaf_Idle.cpp">
      <Filter>05. GameObject\08. Monster\04. LunarExploder\00. Behavior\00. Custom\00. BehaviorTree\01. Leaf\00. Event\00. Idle</Filter>
    </ClCompile>
    <ClCompile Include="Private\LunarExploderNodeLeaf_Spawn.cpp">
      <Filter>05. GameObject\08. Monster\04. LunarExploder\00. Behavior\00. Custom\00. BehaviorTree\01. Leaf\00. Event\01. Spawn</Filter>
    </ClCompile>
    <ClCompile Include="Private\LunarExploderNodeLeaf_Death.cpp">
      <Filter>05. GameObject\08. Monster\04. LunarExploder\00. Behavior\00. Custom\00. BehaviorTree\01. Leaf\00. Event\02. Death</Filter>
    </ClCompile>
    <ClCompile Include="Private\LunarExploderNodeLeaf_Sprint.cpp">
      <Filter>05. GameObject\08. Monster\04. LunarExploder\00. Behavior\00. Custom\00. BehaviorTree\01. Leaf\01. Move\01. Sprint</Filter>
    </ClCompile>
    <ClCompile Include="Private\LunarGolemNodeSelector_Main.cpp">
      <Filter>05. GameObject\08. Monster\03. LunarGolem\00. Behavior\00. Custom\00. BehaviorTree\03. Composite\02. Selector\00. Main</Filter>
    </ClCompile>
    <ClCompile Include="Private\LunarGolemNodeSequence_SprintShot.cpp">
      <Filter>05. GameObject\08. Monster\03. LunarGolem\00. Behavior\00. Custom\00. BehaviorTree\03. Composite\01. Sequence\00. SprintShot</Filter>
    </ClCompile>
    <ClCompile Include="Private\LunarGolemNodeParallel_WalkShot.cpp">
      <Filter>05. GameObject\08. Monster\03. LunarGolem\00. Behavior\00. Custom\00. BehaviorTree\03. Composite\00. Parallel\00. WalkShot</Filter>
    </ClCompile>
    <ClCompile Include="Private\LunarGolemNodeDecorator_Repeat.cpp">
      <Filter>05. GameObject\08. Monster\03. LunarGolem\00. Behavior\00. Custom\00. BehaviorTree\02. Decorator\00. Repeat</Filter>
    </ClCompile>
    <ClCompile Include="Private\LunarGolemNodeDecorator_Delay.cpp">
      <Filter>05. GameObject\08. Monster\03. LunarGolem\00. Behavior\00. Custom\00. BehaviorTree\02. Decorator\01. Delay</Filter>
    </ClCompile>
    <ClCompile Include="Private\LunarGolemNodeDecorator_Range.cpp">
      <Filter>05. GameObject\08. Monster\03. LunarGolem\00. Behavior\00. Custom\00. BehaviorTree\02. Decorator\02. Range</Filter>
    </ClCompile>
    <ClCompile Include="Private\LunarGolemNodeDecorator_Skill.cpp">
      <Filter>05. GameObject\08. Monster\03. LunarGolem\00. Behavior\00. Custom\00. BehaviorTree\02. Decorator\03. Skill</Filter>
    </ClCompile>
    <ClCompile Include="Private\LunarGolemNodeLeaf_TwinShot.cpp">
      <Filter>05. GameObject\08. Monster\03. LunarGolem\00. Behavior\00. Custom\00. BehaviorTree\01. Leaf\02. Attack\00. TwinShot</Filter>
    </ClCompile>
    <ClCompile Include="Private\LunarGolemNodeLeaf_Sprint.cpp">
      <Filter>05. GameObject\08. Monster\03. LunarGolem\00. Behavior\00. Custom\00. BehaviorTree\01. Leaf\01. Move\01. Sprint</Filter>
    </ClCompile>
    <ClCompile Include="Private\LunarGolemNodeLeaf_Walk.cpp">
      <Filter>05. GameObject\08. Monster\03. LunarGolem\00. Behavior\00. Custom\00. BehaviorTree\01. Leaf\01. Move\00. Walk</Filter>
    </ClCompile>
    <ClCompile Include="Private\LunarGolemNodeLeaf_Idle.cpp">
      <Filter>05. GameObject\08. Monster\03. LunarGolem\00. Behavior\00. Custom\00. BehaviorTree\01. Leaf\00. Event\00. Idle</Filter>
    </ClCompile>
    <ClCompile Include="Private\LunarGolemNode_Root.cpp">
      <Filter>05. GameObject\08. Monster\03. LunarGolem\00. Behavior\00. Custom\00. BehaviorTree\00. Root</Filter>
    </ClCompile>
    <ClCompile Include="Private\LunarGolem_BehaviorTree.cpp">
      <Filter>05. GameObject\08. Monster\03. LunarGolem\00. Behavior\00. Custom\00. BehaviorTree</Filter>
    </ClCompile>
    <ClCompile Include="Private\LunarGolemNodeLeaf_LeapEnd.cpp">
      <Filter>05. GameObject\08. Monster\03. LunarGolem\00. Behavior\00. Custom\00. BehaviorTree\01. Leaf\00. Event\01. Leap\02. End</Filter>
    </ClCompile>
    <ClCompile Include="Private\LunarGolemNodeLeaf_Death.cpp">
      <Filter>05. GameObject\08. Monster\03. LunarGolem\00. Behavior\00. Custom\00. BehaviorTree\01. Leaf\00. Event\02. Death</Filter>
    </ClCompile>
    <ClCompile Include="Private\BrotherUI_HealthBar.cpp">
      <Filter>05. GameObject\08. Monster\01. Brother\02. UI\00. HealthBar</Filter>
    </ClCompile>
    <ClCompile Include="Private\Golem.cpp">
      <Filter>05. GameObject\08. Monster\02. Golem</Filter>
    </ClCompile>
    <ClCompile Include="Private\BrotherNodeLeaf_Death.cpp">
      <Filter>05. GameObject\08. Monster\01. Brother\00. Behavior\00. Custom\00. BehaviorTree\01. Leaf\00. Event\04. Death</Filter>
    </ClCompile>
  </ItemGroup>
  <ItemGroup>
    <Image Include="Default\Client.ico">
      <Filter>01. Default\02. Resource</Filter>
    </Image>
    <Image Include="Default\small.ico">
      <Filter>01. Default\02. Resource</Filter>
    </Image>
  </ItemGroup>
  <ItemGroup>
    <ResourceCompile Include="Default\Client.rc">
      <Filter>01. Default\02. Resource</Filter>
    </ResourceCompile>
  </ItemGroup>
  <ItemGroup>
    <FxCompile Include="..\Resources\Shader\PosNorTanTex.hlsl">
      <Filter>06. Shader\01. Forward</Filter>
    </FxCompile>
    <FxCompile Include="..\Resources\Shader\PosNorTanTexBone.hlsl">
      <Filter>06. Shader\01. Forward</Filter>
    </FxCompile>
    <FxCompile Include="..\Resources\Shader\PosNorTex.hlsl">
      <Filter>06. Shader\01. Forward</Filter>
    </FxCompile>
    <FxCompile Include="..\Resources\Shader\PosTex.hlsl">
      <Filter>06. Shader\01. Forward</Filter>
    </FxCompile>
    <FxCompile Include="..\Resources\Shader\InstRect.hlsl">
      <Filter>06. Shader\01. Forward\00. Instance</Filter>
    </FxCompile>
    <FxCompile Include="..\Resources\Shader\InstPoint.hlsl">
      <Filter>06. Shader\01. Forward\00. Instance</Filter>
    </FxCompile>
    <FxCompile Include="..\Resources\Shader\InstLine.hlsl">
      <Filter>06. Shader\01. Forward\00. Instance</Filter>
    </FxCompile>
    <FxCompile Include="..\Resources\Shader\InstMesh.hlsl">
      <Filter>06. Shader\01. Forward\00. Instance</Filter>
    </FxCompile>
    <FxCompile Include="..\Resources\Shader\CubePosTex.hlsl">
      <Filter>06. Shader\01. Forward</Filter>
    </FxCompile>
  </ItemGroup>
</Project>
